// !$*UTF8*$!
{
	archiveVersion = 1;
	classes = {
	};
	objectVersion = 46;
	objects = {

/* Begin PBXBuildFile section */
		31B9F50A1E5DC186006DD878 /* MenuTableViewCell.m in Sources */ = {isa = PBXBuildFile; fileRef = 31B9F5091E5DC186006DD878 /* MenuTableViewCell.m */; };
		5D30422EB3BE6A980CC74F3E /* libPods-Objective-CTests.a in Frameworks */ = {isa = PBXBuildFile; fileRef = B829EC6AF0DA5B7D5ED6F8E7 /* libPods-Objective-CTests.a */; };
		89D81D888580F28B4AAFCBFA /* libPods-Objective-C.a in Frameworks */ = {isa = PBXBuildFile; fileRef = 33535A7B64DFAB37E21A8607 /* libPods-Objective-C.a */; };
		D7222E3B1E67BC8300C7E064 /* MOTMutablePopView.m in Sources */ = {isa = PBXBuildFile; fileRef = D7222E381E67BC8300C7E064 /* MOTMutablePopView.m */; };
		D7222E3C1E67BC8300C7E064 /* MOTPopConfig.m in Sources */ = {isa = PBXBuildFile; fileRef = D7222E3A1E67BC8300C7E064 /* MOTPopConfig.m */; };
		D74FD1941E691C9400F02085 /* KeychainItemWrapper.m in Sources */ = {isa = PBXBuildFile; fileRef = D74FD1931E691C9400F02085 /* KeychainItemWrapper.m */; settings = {COMPILER_FLAGS = "-fno-objc-arc"; }; };
		D74FD1971E691D8E00F02085 /* AppUntils.m in Sources */ = {isa = PBXBuildFile; fileRef = D74FD1961E691D8E00F02085 /* AppUntils.m */; };
		D75FDD341E5D250100DBFBEC /* FontTableViewController.m in Sources */ = {isa = PBXBuildFile; fileRef = D75FDD331E5D250100DBFBEC /* FontTableViewController.m */; };
		D75FDD381E5D40AB00DBFBEC /* ScreenshotsViewController.m in Sources */ = {isa = PBXBuildFile; fileRef = D75FDD371E5D40AB00DBFBEC /* ScreenshotsViewController.m */; };
		D76B13251E5C11A700A1247A /* main.m in Sources */ = {isa = PBXBuildFile; fileRef = D76B13241E5C11A700A1247A /* main.m */; };
		D76B13281E5C11A700A1247A /* AppDelegate.m in Sources */ = {isa = PBXBuildFile; fileRef = D76B13271E5C11A700A1247A /* AppDelegate.m */; };
		D76B13301E5C11A700A1247A /* Assets.xcassets in Resources */ = {isa = PBXBuildFile; fileRef = D76B132F1E5C11A700A1247A /* Assets.xcassets */; };
		D76B13331E5C11A700A1247A /* LaunchScreen.storyboard in Resources */ = {isa = PBXBuildFile; fileRef = D76B13311E5C11A700A1247A /* LaunchScreen.storyboard */; };
		D76B133E1E5C11A700A1247A /* Objective_CTests.m in Sources */ = {isa = PBXBuildFile; fileRef = D76B133D1E5C11A700A1247A /* Objective_CTests.m */; };
		D76B13491E5C11A700A1247A /* Objective_CUITests.m in Sources */ = {isa = PBXBuildFile; fileRef = D76B13481E5C11A700A1247A /* Objective_CUITests.m */; };
		D76B139C1E5C468400A1247A /* CallViewController.m in Sources */ = {isa = PBXBuildFile; fileRef = D76B13991E5C468400A1247A /* CallViewController.m */; };
		D76B139D1E5C468400A1247A /* MainTableViewController.m in Sources */ = {isa = PBXBuildFile; fileRef = D76B139B1E5C468400A1247A /* MainTableViewController.m */; };
		D76B13A81E5C480000A1247A /* FlatButton.m in Sources */ = {isa = PBXBuildFile; fileRef = D76B13A71E5C480000A1247A /* FlatButton.m */; };
		DB42E6FA1E77D75200E9214A /* BaseNavigationController.m in Sources */ = {isa = PBXBuildFile; fileRef = DB42E6F91E77D75200E9214A /* BaseNavigationController.m */; };
		FEB8C801818CEA77B841AB04 /* libPods-Objective-CUITests.a in Frameworks */ = {isa = PBXBuildFile; fileRef = 95DBF339B6C526A89FA9D08A /* libPods-Objective-CUITests.a */; };
/* End PBXBuildFile section */

/* Begin PBXContainerItemProxy section */
		D76B133A1E5C11A700A1247A /* PBXContainerItemProxy */ = {
			isa = PBXContainerItemProxy;
			containerPortal = D76B13181E5C11A700A1247A /* Project object */;
			proxyType = 1;
			remoteGlobalIDString = D76B131F1E5C11A700A1247A;
			remoteInfo = "Objective-C";
		};
		D76B13451E5C11A700A1247A /* PBXContainerItemProxy */ = {
			isa = PBXContainerItemProxy;
			containerPortal = D76B13181E5C11A700A1247A /* Project object */;
			proxyType = 1;
			remoteGlobalIDString = D76B131F1E5C11A700A1247A;
			remoteInfo = "Objective-C";
		};
/* End PBXContainerItemProxy section */

/* Begin PBXFileReference section */
		31B9F5081E5DC186006DD878 /* MenuTableViewCell.h */ = {isa = PBXFileReference; fileEncoding = 4; lastKnownFileType = sourcecode.c.h; path = MenuTableViewCell.h; sourceTree = "<group>"; };
		31B9F5091E5DC186006DD878 /* MenuTableViewCell.m */ = {isa = PBXFileReference; fileEncoding = 4; lastKnownFileType = sourcecode.c.objc; path = MenuTableViewCell.m; sourceTree = "<group>"; };
		33535A7B64DFAB37E21A8607 /* libPods-Objective-C.a */ = {isa = PBXFileReference; explicitFileType = archive.ar; includeInIndex = 0; path = "libPods-Objective-C.a"; sourceTree = BUILT_PRODUCTS_DIR; };
		3F68D7D0EB6BAFE01C6937E3 /* Pods-Objective-CTests.release.xcconfig */ = {isa = PBXFileReference; includeInIndex = 1; lastKnownFileType = text.xcconfig; name = "Pods-Objective-CTests.release.xcconfig"; path = "Pods/Target Support Files/Pods-Objective-CTests/Pods-Objective-CTests.release.xcconfig"; sourceTree = "<group>"; };
		6B958D3AD3A9046F22F20A40 /* Pods-Objective-CUITests.release.xcconfig */ = {isa = PBXFileReference; includeInIndex = 1; lastKnownFileType = text.xcconfig; name = "Pods-Objective-CUITests.release.xcconfig"; path = "Pods/Target Support Files/Pods-Objective-CUITests/Pods-Objective-CUITests.release.xcconfig"; sourceTree = "<group>"; };
		95DBF339B6C526A89FA9D08A /* libPods-Objective-CUITests.a */ = {isa = PBXFileReference; explicitFileType = archive.ar; includeInIndex = 0; path = "libPods-Objective-CUITests.a"; sourceTree = BUILT_PRODUCTS_DIR; };
		994CA521C93A56DEB6BA3EAB /* Pods-Objective-C.release.xcconfig */ = {isa = PBXFileReference; includeInIndex = 1; lastKnownFileType = text.xcconfig; name = "Pods-Objective-C.release.xcconfig"; path = "Pods/Target Support Files/Pods-Objective-C/Pods-Objective-C.release.xcconfig"; sourceTree = "<group>"; };
		B829EC6AF0DA5B7D5ED6F8E7 /* libPods-Objective-CTests.a */ = {isa = PBXFileReference; explicitFileType = archive.ar; includeInIndex = 0; path = "libPods-Objective-CTests.a"; sourceTree = BUILT_PRODUCTS_DIR; };
		CC22ACE9A35B38BA6EC5A06A /* Pods-Objective-C.debug.xcconfig */ = {isa = PBXFileReference; includeInIndex = 1; lastKnownFileType = text.xcconfig; name = "Pods-Objective-C.debug.xcconfig"; path = "Pods/Target Support Files/Pods-Objective-C/Pods-Objective-C.debug.xcconfig"; sourceTree = "<group>"; };
		D7222E371E67BC8300C7E064 /* MOTMutablePopView.h */ = {isa = PBXFileReference; fileEncoding = 4; lastKnownFileType = sourcecode.c.h; path = MOTMutablePopView.h; sourceTree = "<group>"; };
		D7222E381E67BC8300C7E064 /* MOTMutablePopView.m */ = {isa = PBXFileReference; fileEncoding = 4; lastKnownFileType = sourcecode.c.objc; path = MOTMutablePopView.m; sourceTree = "<group>"; };
		D7222E391E67BC8300C7E064 /* MOTPopConfig.h */ = {isa = PBXFileReference; fileEncoding = 4; lastKnownFileType = sourcecode.c.h; path = MOTPopConfig.h; sourceTree = "<group>"; };
		D7222E3A1E67BC8300C7E064 /* MOTPopConfig.m */ = {isa = PBXFileReference; fileEncoding = 4; lastKnownFileType = sourcecode.c.objc; path = MOTPopConfig.m; sourceTree = "<group>"; };
		D74FD1921E691C9400F02085 /* KeychainItemWrapper.h */ = {isa = PBXFileReference; fileEncoding = 4; lastKnownFileType = sourcecode.c.h; path = KeychainItemWrapper.h; sourceTree = "<group>"; };
		D74FD1931E691C9400F02085 /* KeychainItemWrapper.m */ = {isa = PBXFileReference; fileEncoding = 4; lastKnownFileType = sourcecode.c.objc; path = KeychainItemWrapper.m; sourceTree = "<group>"; };
		D74FD1951E691D8E00F02085 /* AppUntils.h */ = {isa = PBXFileReference; fileEncoding = 4; lastKnownFileType = sourcecode.c.h; path = AppUntils.h; sourceTree = "<group>"; };
		D74FD1961E691D8E00F02085 /* AppUntils.m */ = {isa = PBXFileReference; fileEncoding = 4; lastKnownFileType = sourcecode.c.objc; path = AppUntils.m; sourceTree = "<group>"; };
		D75FDD321E5D250100DBFBEC /* FontTableViewController.h */ = {isa = PBXFileReference; fileEncoding = 4; lastKnownFileType = sourcecode.c.h; path = FontTableViewController.h; sourceTree = "<group>"; };
		D75FDD331E5D250100DBFBEC /* FontTableViewController.m */ = {isa = PBXFileReference; fileEncoding = 4; lastKnownFileType = sourcecode.c.objc; path = FontTableViewController.m; sourceTree = "<group>"; };
		D75FDD361E5D40AB00DBFBEC /* ScreenshotsViewController.h */ = {isa = PBXFileReference; fileEncoding = 4; lastKnownFileType = sourcecode.c.h; path = ScreenshotsViewController.h; sourceTree = "<group>"; };
		D75FDD371E5D40AB00DBFBEC /* ScreenshotsViewController.m */ = {isa = PBXFileReference; fileEncoding = 4; lastKnownFileType = sourcecode.c.objc; path = ScreenshotsViewController.m; sourceTree = "<group>"; };
		D76B13201E5C11A700A1247A /* Objective-C.app */ = {isa = PBXFileReference; explicitFileType = wrapper.application; includeInIndex = 0; path = "Objective-C.app"; sourceTree = BUILT_PRODUCTS_DIR; };
		D76B13241E5C11A700A1247A /* main.m */ = {isa = PBXFileReference; lastKnownFileType = sourcecode.c.objc; path = main.m; sourceTree = "<group>"; };
		D76B13261E5C11A700A1247A /* AppDelegate.h */ = {isa = PBXFileReference; lastKnownFileType = sourcecode.c.h; path = AppDelegate.h; sourceTree = "<group>"; };
		D76B13271E5C11A700A1247A /* AppDelegate.m */ = {isa = PBXFileReference; lastKnownFileType = sourcecode.c.objc; path = AppDelegate.m; sourceTree = "<group>"; };
		D76B132F1E5C11A700A1247A /* Assets.xcassets */ = {isa = PBXFileReference; lastKnownFileType = folder.assetcatalog; path = Assets.xcassets; sourceTree = "<group>"; };
		D76B13321E5C11A700A1247A /* Base */ = {isa = PBXFileReference; lastKnownFileType = file.storyboard; name = Base; path = Base.lproj/LaunchScreen.storyboard; sourceTree = "<group>"; };
		D76B13341E5C11A700A1247A /* Info.plist */ = {isa = PBXFileReference; lastKnownFileType = text.plist.xml; path = Info.plist; sourceTree = "<group>"; };
		D76B13391E5C11A700A1247A /* Objective-CTests.xctest */ = {isa = PBXFileReference; explicitFileType = wrapper.cfbundle; includeInIndex = 0; path = "Objective-CTests.xctest"; sourceTree = BUILT_PRODUCTS_DIR; };
		D76B133D1E5C11A700A1247A /* Objective_CTests.m */ = {isa = PBXFileReference; lastKnownFileType = sourcecode.c.objc; path = Objective_CTests.m; sourceTree = "<group>"; };
		D76B133F1E5C11A700A1247A /* Info.plist */ = {isa = PBXFileReference; lastKnownFileType = text.plist.xml; path = Info.plist; sourceTree = "<group>"; };
		D76B13441E5C11A700A1247A /* Objective-CUITests.xctest */ = {isa = PBXFileReference; explicitFileType = wrapper.cfbundle; includeInIndex = 0; path = "Objective-CUITests.xctest"; sourceTree = BUILT_PRODUCTS_DIR; };
		D76B13481E5C11A700A1247A /* Objective_CUITests.m */ = {isa = PBXFileReference; lastKnownFileType = sourcecode.c.objc; path = Objective_CUITests.m; sourceTree = "<group>"; };
		D76B134A1E5C11A700A1247A /* Info.plist */ = {isa = PBXFileReference; lastKnownFileType = text.plist.xml; path = Info.plist; sourceTree = "<group>"; };
		D76B13981E5C468400A1247A /* CallViewController.h */ = {isa = PBXFileReference; fileEncoding = 4; lastKnownFileType = sourcecode.c.h; path = CallViewController.h; sourceTree = "<group>"; };
		D76B13991E5C468400A1247A /* CallViewController.m */ = {isa = PBXFileReference; fileEncoding = 4; lastKnownFileType = sourcecode.c.objc; path = CallViewController.m; sourceTree = "<group>"; };
		D76B139A1E5C468400A1247A /* MainTableViewController.h */ = {isa = PBXFileReference; fileEncoding = 4; lastKnownFileType = sourcecode.c.h; path = MainTableViewController.h; sourceTree = "<group>"; };
		D76B139B1E5C468400A1247A /* MainTableViewController.m */ = {isa = PBXFileReference; fileEncoding = 4; lastKnownFileType = sourcecode.c.objc; path = MainTableViewController.m; sourceTree = "<group>"; };
		D76B13A61E5C480000A1247A /* FlatButton.h */ = {isa = PBXFileReference; fileEncoding = 4; lastKnownFileType = sourcecode.c.h; path = FlatButton.h; sourceTree = "<group>"; };
		D76B13A71E5C480000A1247A /* FlatButton.m */ = {isa = PBXFileReference; fileEncoding = 4; lastKnownFileType = sourcecode.c.objc; path = FlatButton.m; sourceTree = "<group>"; };
		DB42E6F81E77D75200E9214A /* BaseNavigationController.h */ = {isa = PBXFileReference; fileEncoding = 4; lastKnownFileType = sourcecode.c.h; path = BaseNavigationController.h; sourceTree = "<group>"; };
		DB42E6F91E77D75200E9214A /* BaseNavigationController.m */ = {isa = PBXFileReference; fileEncoding = 4; lastKnownFileType = sourcecode.c.objc; path = BaseNavigationController.m; sourceTree = "<group>"; };
		F378E441543B9D1B87F24B9F /* Pods-Objective-CTests.debug.xcconfig */ = {isa = PBXFileReference; includeInIndex = 1; lastKnownFileType = text.xcconfig; name = "Pods-Objective-CTests.debug.xcconfig"; path = "Pods/Target Support Files/Pods-Objective-CTests/Pods-Objective-CTests.debug.xcconfig"; sourceTree = "<group>"; };
		FD2EB100661E6C2106D06FEC /* Pods-Objective-CUITests.debug.xcconfig */ = {isa = PBXFileReference; includeInIndex = 1; lastKnownFileType = text.xcconfig; name = "Pods-Objective-CUITests.debug.xcconfig"; path = "Pods/Target Support Files/Pods-Objective-CUITests/Pods-Objective-CUITests.debug.xcconfig"; sourceTree = "<group>"; };
/* End PBXFileReference section */

/* Begin PBXFrameworksBuildPhase section */
		D76B131D1E5C11A700A1247A /* Frameworks */ = {
			isa = PBXFrameworksBuildPhase;
			buildActionMask = 2147483647;
			files = (
				89D81D888580F28B4AAFCBFA /* libPods-Objective-C.a in Frameworks */,
			);
			runOnlyForDeploymentPostprocessing = 0;
		};
		D76B13361E5C11A700A1247A /* Frameworks */ = {
			isa = PBXFrameworksBuildPhase;
			buildActionMask = 2147483647;
			files = (
				5D30422EB3BE6A980CC74F3E /* libPods-Objective-CTests.a in Frameworks */,
			);
			runOnlyForDeploymentPostprocessing = 0;
		};
		D76B13411E5C11A700A1247A /* Frameworks */ = {
			isa = PBXFrameworksBuildPhase;
			buildActionMask = 2147483647;
			files = (
				FEB8C801818CEA77B841AB04 /* libPods-Objective-CUITests.a in Frameworks */,
			);
			runOnlyForDeploymentPostprocessing = 0;
		};
/* End PBXFrameworksBuildPhase section */

/* Begin PBXGroup section */
		4AB912029AFF1A5706D7EA50 /* Pods */ = {
			isa = PBXGroup;
			children = (
				CC22ACE9A35B38BA6EC5A06A /* Pods-Objective-C.debug.xcconfig */,
				994CA521C93A56DEB6BA3EAB /* Pods-Objective-C.release.xcconfig */,
				F378E441543B9D1B87F24B9F /* Pods-Objective-CTests.debug.xcconfig */,
				3F68D7D0EB6BAFE01C6937E3 /* Pods-Objective-CTests.release.xcconfig */,
				FD2EB100661E6C2106D06FEC /* Pods-Objective-CUITests.debug.xcconfig */,
				6B958D3AD3A9046F22F20A40 /* Pods-Objective-CUITests.release.xcconfig */,
			);
			name = Pods;
			sourceTree = "<group>";
		};
		8891F6EFEBFCA54F640A9AC1 /* Frameworks */ = {
			isa = PBXGroup;
			children = (
				33535A7B64DFAB37E21A8607 /* libPods-Objective-C.a */,
				B829EC6AF0DA5B7D5ED6F8E7 /* libPods-Objective-CTests.a */,
				95DBF339B6C526A89FA9D08A /* libPods-Objective-CUITests.a */,
			);
			name = Frameworks;
			sourceTree = "<group>";
		};
		D7222E361E67BC8300C7E064 /* MOTMutablePopView */ = {
			isa = PBXGroup;
			children = (
				D7222E371E67BC8300C7E064 /* MOTMutablePopView.h */,
				D7222E381E67BC8300C7E064 /* MOTMutablePopView.m */,
				D7222E391E67BC8300C7E064 /* MOTPopConfig.h */,
				D7222E3A1E67BC8300C7E064 /* MOTPopConfig.m */,
			);
			path = MOTMutablePopView;
			sourceTree = "<group>";
		};
		D75FDD351E5D251300DBFBEC /* FontTableViewController */ = {
			isa = PBXGroup;
			children = (
				D75FDD321E5D250100DBFBEC /* FontTableViewController.h */,
				D75FDD331E5D250100DBFBEC /* FontTableViewController.m */,
			);
			name = FontTableViewController;
			sourceTree = "<group>";
		};
		D75FDD391E5D40B500DBFBEC /* ScreenshotsViewController */ = {
			isa = PBXGroup;
			children = (
				D75FDD361E5D40AB00DBFBEC /* ScreenshotsViewController.h */,
				D75FDD371E5D40AB00DBFBEC /* ScreenshotsViewController.m */,
			);
			name = ScreenshotsViewController;
			sourceTree = "<group>";
		};
		D76B13171E5C11A700A1247A = {
			isa = PBXGroup;
			children = (
				D76B13221E5C11A700A1247A /* Objective-C */,
				D76B133C1E5C11A700A1247A /* Objective-CTests */,
				D76B13471E5C11A700A1247A /* Objective-CUITests */,
				D76B13211E5C11A700A1247A /* Products */,
				4AB912029AFF1A5706D7EA50 /* Pods */,
				8891F6EFEBFCA54F640A9AC1 /* Frameworks */,
			);
			sourceTree = "<group>";
		};
		D76B13211E5C11A700A1247A /* Products */ = {
			isa = PBXGroup;
			children = (
				D76B13201E5C11A700A1247A /* Objective-C.app */,
				D76B13391E5C11A700A1247A /* Objective-CTests.xctest */,
				D76B13441E5C11A700A1247A /* Objective-CUITests.xctest */,
			);
			name = Products;
			sourceTree = "<group>";
		};
		D76B13221E5C11A700A1247A /* Objective-C */ = {
			isa = PBXGroup;
			children = (
				D76B139F1E5C473500A1247A /* Model */,
				D76B13A01E5C473500A1247A /* View */,
				D76B13971E5C468400A1247A /* View Controller */,
				D76B13261E5C11A700A1247A /* AppDelegate.h */,
				D76B13271E5C11A700A1247A /* AppDelegate.m */,
				D74FD1921E691C9400F02085 /* KeychainItemWrapper.h */,
				D74FD1931E691C9400F02085 /* KeychainItemWrapper.m */,
				D74FD1951E691D8E00F02085 /* AppUntils.h */,
				D74FD1961E691D8E00F02085 /* AppUntils.m */,
				D7222E361E67BC8300C7E064 /* MOTMutablePopView */,
				D76B132F1E5C11A700A1247A /* Assets.xcassets */,
				D76B13311E5C11A700A1247A /* LaunchScreen.storyboard */,
				D76B13341E5C11A700A1247A /* Info.plist */,
				D76B13231E5C11A700A1247A /* Supporting Files */,
			);
			path = "Objective-C";
			sourceTree = "<group>";
		};
		D76B13231E5C11A700A1247A /* Supporting Files */ = {
			isa = PBXGroup;
			children = (
				D76B13241E5C11A700A1247A /* main.m */,
			);
			name = "Supporting Files";
			sourceTree = "<group>";
		};
		D76B133C1E5C11A700A1247A /* Objective-CTests */ = {
			isa = PBXGroup;
			children = (
				D76B133D1E5C11A700A1247A /* Objective_CTests.m */,
				D76B133F1E5C11A700A1247A /* Info.plist */,
			);
			path = "Objective-CTests";
			sourceTree = "<group>";
		};
		D76B13471E5C11A700A1247A /* Objective-CUITests */ = {
			isa = PBXGroup;
			children = (
				D76B13481E5C11A700A1247A /* Objective_CUITests.m */,
				D76B134A1E5C11A700A1247A /* Info.plist */,
			);
			path = "Objective-CUITests";
			sourceTree = "<group>";
		};
		D76B13971E5C468400A1247A /* View Controller */ = {
			isa = PBXGroup;
			children = (
				D76B13A41E5C47A600A1247A /* MainTableViewController */,
				D76B13A51E5C47AF00A1247A /* CallViewController */,
				D75FDD351E5D251300DBFBEC /* FontTableViewController */,
				D75FDD391E5D40B500DBFBEC /* ScreenshotsViewController */,
				DB42E6F81E77D75200E9214A /* BaseNavigationController.h */,
				DB42E6F91E77D75200E9214A /* BaseNavigationController.m */,
			);
			path = "View Controller";
			sourceTree = "<group>";
		};
		D76B139F1E5C473500A1247A /* Model */ = {
			isa = PBXGroup;
			children = (
			);
			path = Model;
			sourceTree = "<group>";
		};
		D76B13A01E5C473500A1247A /* View */ = {
			isa = PBXGroup;
			children = (
				D76B13A11E5C473500A1247A /* Cells */,
				D76B13A61E5C480000A1247A /* FlatButton.h */,
				D76B13A71E5C480000A1247A /* FlatButton.m */,
			);
			path = View;
			sourceTree = "<group>";
		};
		D76B13A11E5C473500A1247A /* Cells */ = {
			isa = PBXGroup;
			children = (
				31B9F5081E5DC186006DD878 /* MenuTableViewCell.h */,
				31B9F5091E5DC186006DD878 /* MenuTableViewCell.m */,
			);
			path = Cells;
			sourceTree = "<group>";
		};
		D76B13A41E5C47A600A1247A /* MainTableViewController */ = {
			isa = PBXGroup;
			children = (
				D76B139A1E5C468400A1247A /* MainTableViewController.h */,
				D76B139B1E5C468400A1247A /* MainTableViewController.m */,
			);
			name = MainTableViewController;
			sourceTree = "<group>";
		};
		D76B13A51E5C47AF00A1247A /* CallViewController */ = {
			isa = PBXGroup;
			children = (
				D76B13981E5C468400A1247A /* CallViewController.h */,
				D76B13991E5C468400A1247A /* CallViewController.m */,
			);
			name = CallViewController;
			sourceTree = "<group>";
		};
/* End PBXGroup section */

/* Begin PBXNativeTarget section */
		D76B131F1E5C11A700A1247A /* Objective-C */ = {
			isa = PBXNativeTarget;
			buildConfigurationList = D76B134D1E5C11A700A1247A /* Build configuration list for PBXNativeTarget "Objective-C" */;
			buildPhases = (
				0516E3417FF36A16F0888201 /* [CP] Check Pods Manifest.lock */,
				D76B131C1E5C11A700A1247A /* Sources */,
				D76B131D1E5C11A700A1247A /* Frameworks */,
				D76B131E1E5C11A700A1247A /* Resources */,
				66D2C44096848938F3F0F4DD /* [CP] Embed Pods Frameworks */,
				F794FD7A78F5E028503CFE7E /* [CP] Copy Pods Resources */,
			);
			buildRules = (
			);
			dependencies = (
			);
			name = "Objective-C";
			productName = "Objective-C";
			productReference = D76B13201E5C11A700A1247A /* Objective-C.app */;
			productType = "com.apple.product-type.application";
		};
		D76B13381E5C11A700A1247A /* Objective-CTests */ = {
			isa = PBXNativeTarget;
			buildConfigurationList = D76B13501E5C11A700A1247A /* Build configuration list for PBXNativeTarget "Objective-CTests" */;
			buildPhases = (
				8187D9DDEBAEAD22F9C5B874 /* [CP] Check Pods Manifest.lock */,
				D76B13351E5C11A700A1247A /* Sources */,
				D76B13361E5C11A700A1247A /* Frameworks */,
				D76B13371E5C11A700A1247A /* Resources */,
				5A7B386E63CBB6BF37768026 /* [CP] Embed Pods Frameworks */,
				AA0969DA914D9E6E6B90732D /* [CP] Copy Pods Resources */,
			);
			buildRules = (
			);
			dependencies = (
				D76B133B1E5C11A700A1247A /* PBXTargetDependency */,
			);
			name = "Objective-CTests";
			productName = "Objective-CTests";
			productReference = D76B13391E5C11A700A1247A /* Objective-CTests.xctest */;
			productType = "com.apple.product-type.bundle.unit-test";
		};
		D76B13431E5C11A700A1247A /* Objective-CUITests */ = {
			isa = PBXNativeTarget;
			buildConfigurationList = D76B13531E5C11A700A1247A /* Build configuration list for PBXNativeTarget "Objective-CUITests" */;
			buildPhases = (
				1D4F32E01E7C112F1F85AE9A /* [CP] Check Pods Manifest.lock */,
				D76B13401E5C11A700A1247A /* Sources */,
				D76B13411E5C11A700A1247A /* Frameworks */,
				D76B13421E5C11A700A1247A /* Resources */,
				8C534A2D0DBF05ADBA0DA0CB /* [CP] Embed Pods Frameworks */,
				8343EF6F58EA6C607C8589A9 /* [CP] Copy Pods Resources */,
			);
			buildRules = (
			);
			dependencies = (
				D76B13461E5C11A700A1247A /* PBXTargetDependency */,
			);
			name = "Objective-CUITests";
			productName = "Objective-CUITests";
			productReference = D76B13441E5C11A700A1247A /* Objective-CUITests.xctest */;
			productType = "com.apple.product-type.bundle.ui-testing";
		};
/* End PBXNativeTarget section */

/* Begin PBXProject section */
		D76B13181E5C11A700A1247A /* Project object */ = {
			isa = PBXProject;
			attributes = {
				LastUpgradeCheck = 0810;
				ORGANIZATIONNAME = fandy;
				TargetAttributes = {
					D76B131F1E5C11A700A1247A = {
						CreatedOnToolsVersion = 8.1;
						DevelopmentTeam = 389K47LAL3;
						ProvisioningStyle = Automatic;
					};
					D76B13381E5C11A700A1247A = {
						CreatedOnToolsVersion = 8.1;
						DevelopmentTeam = 389K47LAL3;
						ProvisioningStyle = Automatic;
						TestTargetID = D76B131F1E5C11A700A1247A;
					};
					D76B13431E5C11A700A1247A = {
						CreatedOnToolsVersion = 8.1;
						DevelopmentTeam = 389K47LAL3;
						ProvisioningStyle = Automatic;
						TestTargetID = D76B131F1E5C11A700A1247A;
					};
				};
			};
			buildConfigurationList = D76B131B1E5C11A700A1247A /* Build configuration list for PBXProject "Objective-C" */;
			compatibilityVersion = "Xcode 3.2";
			developmentRegion = English;
			hasScannedForEncodings = 0;
			knownRegions = (
				en,
				Base,
			);
			mainGroup = D76B13171E5C11A700A1247A;
			productRefGroup = D76B13211E5C11A700A1247A /* Products */;
			projectDirPath = "";
			projectRoot = "";
			targets = (
				D76B131F1E5C11A700A1247A /* Objective-C */,
				D76B13381E5C11A700A1247A /* Objective-CTests */,
				D76B13431E5C11A700A1247A /* Objective-CUITests */,
			);
		};
/* End PBXProject section */

/* Begin PBXResourcesBuildPhase section */
		D76B131E1E5C11A700A1247A /* Resources */ = {
			isa = PBXResourcesBuildPhase;
			buildActionMask = 2147483647;
			files = (
				D76B13331E5C11A700A1247A /* LaunchScreen.storyboard in Resources */,
				D76B13301E5C11A700A1247A /* Assets.xcassets in Resources */,
			);
			runOnlyForDeploymentPostprocessing = 0;
		};
		D76B13371E5C11A700A1247A /* Resources */ = {
			isa = PBXResourcesBuildPhase;
			buildActionMask = 2147483647;
			files = (
			);
			runOnlyForDeploymentPostprocessing = 0;
		};
		D76B13421E5C11A700A1247A /* Resources */ = {
			isa = PBXResourcesBuildPhase;
			buildActionMask = 2147483647;
			files = (
			);
			runOnlyForDeploymentPostprocessing = 0;
		};
/* End PBXResourcesBuildPhase section */

/* Begin PBXShellScriptBuildPhase section */
		0516E3417FF36A16F0888201 /* [CP] Check Pods Manifest.lock */ = {
			isa = PBXShellScriptBuildPhase;
			buildActionMask = 2147483647;
			files = (
			);
			inputPaths = (
			);
			name = "[CP] Check Pods Manifest.lock";
			outputPaths = (
			);
			runOnlyForDeploymentPostprocessing = 0;
			shellPath = /bin/sh;
			shellScript = "diff \"${PODS_ROOT}/../Podfile.lock\" \"${PODS_ROOT}/Manifest.lock\" > /dev/null\nif [ $? != 0 ] ; then\n    # print error to STDERR\n    echo \"error: The sandbox is not in sync with the Podfile.lock. Run 'pod install' or update your CocoaPods installation.\" >&2\n    exit 1\nfi\n";
			showEnvVarsInLog = 0;
		};
		1D4F32E01E7C112F1F85AE9A /* [CP] Check Pods Manifest.lock */ = {
			isa = PBXShellScriptBuildPhase;
			buildActionMask = 2147483647;
			files = (
			);
			inputPaths = (
			);
			name = "[CP] Check Pods Manifest.lock";
			outputPaths = (
			);
			runOnlyForDeploymentPostprocessing = 0;
			shellPath = /bin/sh;
			shellScript = "diff \"${PODS_ROOT}/../Podfile.lock\" \"${PODS_ROOT}/Manifest.lock\" > /dev/null\nif [ $? != 0 ] ; then\n    # print error to STDERR\n    echo \"error: The sandbox is not in sync with the Podfile.lock. Run 'pod install' or update your CocoaPods installation.\" >&2\n    exit 1\nfi\n";
			showEnvVarsInLog = 0;
		};
		5A7B386E63CBB6BF37768026 /* [CP] Embed Pods Frameworks */ = {
			isa = PBXShellScriptBuildPhase;
			buildActionMask = 2147483647;
			files = (
			);
			inputPaths = (
			);
			name = "[CP] Embed Pods Frameworks";
			outputPaths = (
			);
			runOnlyForDeploymentPostprocessing = 0;
			shellPath = /bin/sh;
			shellScript = "\"${SRCROOT}/Pods/Target Support Files/Pods-Objective-CTests/Pods-Objective-CTests-frameworks.sh\"\n";
			showEnvVarsInLog = 0;
		};
		66D2C44096848938F3F0F4DD /* [CP] Embed Pods Frameworks */ = {
			isa = PBXShellScriptBuildPhase;
			buildActionMask = 2147483647;
			files = (
			);
			inputPaths = (
			);
			name = "[CP] Embed Pods Frameworks";
			outputPaths = (
			);
			runOnlyForDeploymentPostprocessing = 0;
			shellPath = /bin/sh;
			shellScript = "\"${SRCROOT}/Pods/Target Support Files/Pods-Objective-C/Pods-Objective-C-frameworks.sh\"\n";
			showEnvVarsInLog = 0;
		};
		8187D9DDEBAEAD22F9C5B874 /* [CP] Check Pods Manifest.lock */ = {
			isa = PBXShellScriptBuildPhase;
			buildActionMask = 2147483647;
			files = (
			);
			inputPaths = (
			);
			name = "[CP] Check Pods Manifest.lock";
			outputPaths = (
			);
			runOnlyForDeploymentPostprocessing = 0;
			shellPath = /bin/sh;
			shellScript = "diff \"${PODS_ROOT}/../Podfile.lock\" \"${PODS_ROOT}/Manifest.lock\" > /dev/null\nif [ $? != 0 ] ; then\n    # print error to STDERR\n    echo \"error: The sandbox is not in sync with the Podfile.lock. Run 'pod install' or update your CocoaPods installation.\" >&2\n    exit 1\nfi\n";
			showEnvVarsInLog = 0;
		};
		8343EF6F58EA6C607C8589A9 /* [CP] Copy Pods Resources */ = {
			isa = PBXShellScriptBuildPhase;
			buildActionMask = 2147483647;
			files = (
			);
			inputPaths = (
			);
			name = "[CP] Copy Pods Resources";
			outputPaths = (
			);
			runOnlyForDeploymentPostprocessing = 0;
			shellPath = /bin/sh;
			shellScript = "\"${SRCROOT}/Pods/Target Support Files/Pods-Objective-CUITests/Pods-Objective-CUITests-resources.sh\"\n";
			showEnvVarsInLog = 0;
		};
		8C534A2D0DBF05ADBA0DA0CB /* [CP] Embed Pods Frameworks */ = {
			isa = PBXShellScriptBuildPhase;
			buildActionMask = 2147483647;
			files = (
			);
			inputPaths = (
			);
			name = "[CP] Embed Pods Frameworks";
			outputPaths = (
			);
			runOnlyForDeploymentPostprocessing = 0;
			shellPath = /bin/sh;
			shellScript = "\"${SRCROOT}/Pods/Target Support Files/Pods-Objective-CUITests/Pods-Objective-CUITests-frameworks.sh\"\n";
			showEnvVarsInLog = 0;
		};
		AA0969DA914D9E6E6B90732D /* [CP] Copy Pods Resources */ = {
			isa = PBXShellScriptBuildPhase;
			buildActionMask = 2147483647;
			files = (
			);
			inputPaths = (
			);
			name = "[CP] Copy Pods Resources";
			outputPaths = (
			);
			runOnlyForDeploymentPostprocessing = 0;
			shellPath = /bin/sh;
			shellScript = "\"${SRCROOT}/Pods/Target Support Files/Pods-Objective-CTests/Pods-Objective-CTests-resources.sh\"\n";
			showEnvVarsInLog = 0;
		};
		F794FD7A78F5E028503CFE7E /* [CP] Copy Pods Resources */ = {
			isa = PBXShellScriptBuildPhase;
			buildActionMask = 2147483647;
			files = (
			);
			inputPaths = (
			);
			name = "[CP] Copy Pods Resources";
			outputPaths = (
			);
			runOnlyForDeploymentPostprocessing = 0;
			shellPath = /bin/sh;
			shellScript = "\"${SRCROOT}/Pods/Target Support Files/Pods-Objective-C/Pods-Objective-C-resources.sh\"\n";
			showEnvVarsInLog = 0;
		};
/* End PBXShellScriptBuildPhase section */

/* Begin PBXSourcesBuildPhase section */
		D76B131C1E5C11A700A1247A /* Sources */ = {
			isa = PBXSourcesBuildPhase;
			buildActionMask = 2147483647;
			files = (
				D76B139D1E5C468400A1247A /* MainTableViewController.m in Sources */,
				D7222E3B1E67BC8300C7E064 /* MOTMutablePopView.m in Sources */,
				D76B139C1E5C468400A1247A /* CallViewController.m in Sources */,
				D76B13281E5C11A700A1247A /* AppDelegate.m in Sources */,
				D7222E3C1E67BC8300C7E064 /* MOTPopConfig.m in Sources */,
				D75FDD381E5D40AB00DBFBEC /* ScreenshotsViewController.m in Sources */,
				DB42E6FA1E77D75200E9214A /* BaseNavigationController.m in Sources */,
				D74FD1971E691D8E00F02085 /* AppUntils.m in Sources */,
				D74FD1941E691C9400F02085 /* KeychainItemWrapper.m in Sources */,
				D76B13251E5C11A700A1247A /* main.m in Sources */,
				D75FDD341E5D250100DBFBEC /* FontTableViewController.m in Sources */,
				31B9F50A1E5DC186006DD878 /* MenuTableViewCell.m in Sources */,
				D76B13A81E5C480000A1247A /* FlatButton.m in Sources */,
			);
			runOnlyForDeploymentPostprocessing = 0;
		};
		D76B13351E5C11A700A1247A /* Sources */ = {
			isa = PBXSourcesBuildPhase;
			buildActionMask = 2147483647;
			files = (
				D76B133E1E5C11A700A1247A /* Objective_CTests.m in Sources */,
			);
			runOnlyForDeploymentPostprocessing = 0;
		};
		D76B13401E5C11A700A1247A /* Sources */ = {
			isa = PBXSourcesBuildPhase;
			buildActionMask = 2147483647;
			files = (
				D76B13491E5C11A700A1247A /* Objective_CUITests.m in Sources */,
			);
			runOnlyForDeploymentPostprocessing = 0;
		};
/* End PBXSourcesBuildPhase section */

/* Begin PBXTargetDependency section */
		D76B133B1E5C11A700A1247A /* PBXTargetDependency */ = {
			isa = PBXTargetDependency;
			target = D76B131F1E5C11A700A1247A /* Objective-C */;
			targetProxy = D76B133A1E5C11A700A1247A /* PBXContainerItemProxy */;
		};
		D76B13461E5C11A700A1247A /* PBXTargetDependency */ = {
			isa = PBXTargetDependency;
			target = D76B131F1E5C11A700A1247A /* Objective-C */;
			targetProxy = D76B13451E5C11A700A1247A /* PBXContainerItemProxy */;
		};
/* End PBXTargetDependency section */

/* Begin PBXVariantGroup section */
		D76B13311E5C11A700A1247A /* LaunchScreen.storyboard */ = {
			isa = PBXVariantGroup;
			children = (
				D76B13321E5C11A700A1247A /* Base */,
			);
			name = LaunchScreen.storyboard;
			sourceTree = "<group>";
		};
/* End PBXVariantGroup section */

/* Begin XCBuildConfiguration section */
		D76B134B1E5C11A700A1247A /* Debug */ = {
			isa = XCBuildConfiguration;
			buildSettings = {
				ALWAYS_SEARCH_USER_PATHS = NO;
				CLANG_ANALYZER_NONNULL = YES;
				CLANG_CXX_LANGUAGE_STANDARD = "gnu++0x";
				CLANG_CXX_LIBRARY = "libc++";
				CLANG_ENABLE_MODULES = YES;
				CLANG_ENABLE_OBJC_ARC = YES;
				CLANG_WARN_BOOL_CONVERSION = YES;
				CLANG_WARN_CONSTANT_CONVERSION = YES;
				CLANG_WARN_DIRECT_OBJC_ISA_USAGE = YES_ERROR;
				CLANG_WARN_DOCUMENTATION_COMMENTS = YES;
				CLANG_WARN_EMPTY_BODY = YES;
				CLANG_WARN_ENUM_CONVERSION = YES;
				CLANG_WARN_INFINITE_RECURSION = YES;
				CLANG_WARN_INT_CONVERSION = YES;
				CLANG_WARN_OBJC_ROOT_CLASS = YES_ERROR;
				CLANG_WARN_SUSPICIOUS_MOVES = YES;
				CLANG_WARN_UNREACHABLE_CODE = YES;
				CLANG_WARN__DUPLICATE_METHOD_MATCH = YES;
				"CODE_SIGN_IDENTITY[sdk=iphoneos*]" = "iPhone Developer";
				COPY_PHASE_STRIP = NO;
				DEBUG_INFORMATION_FORMAT = dwarf;
				ENABLE_STRICT_OBJC_MSGSEND = YES;
				ENABLE_TESTABILITY = YES;
				GCC_C_LANGUAGE_STANDARD = gnu99;
				GCC_DYNAMIC_NO_PIC = NO;
				GCC_NO_COMMON_BLOCKS = YES;
				GCC_OPTIMIZATION_LEVEL = 0;
				GCC_PREPROCESSOR_DEFINITIONS = (
					"DEBUG=1",
					"$(inherited)",
				);
				GCC_WARN_64_TO_32_BIT_CONVERSION = YES;
				GCC_WARN_ABOUT_RETURN_TYPE = YES_ERROR;
				GCC_WARN_UNDECLARED_SELECTOR = YES;
				GCC_WARN_UNINITIALIZED_AUTOS = YES_AGGRESSIVE;
				GCC_WARN_UNUSED_FUNCTION = YES;
				GCC_WARN_UNUSED_VARIABLE = YES;
				IPHONEOS_DEPLOYMENT_TARGET = 8.0;
				MTL_ENABLE_DEBUG_INFO = YES;
				ONLY_ACTIVE_ARCH = YES;
				SDKROOT = iphoneos;
			};
			name = Debug;
		};
		D76B134C1E5C11A700A1247A /* Release */ = {
			isa = XCBuildConfiguration;
			buildSettings = {
				ALWAYS_SEARCH_USER_PATHS = NO;
				CLANG_ANALYZER_NONNULL = YES;
				CLANG_CXX_LANGUAGE_STANDARD = "gnu++0x";
				CLANG_CXX_LIBRARY = "libc++";
				CLANG_ENABLE_MODULES = YES;
				CLANG_ENABLE_OBJC_ARC = YES;
				CLANG_WARN_BOOL_CONVERSION = YES;
				CLANG_WARN_CONSTANT_CONVERSION = YES;
				CLANG_WARN_DIRECT_OBJC_ISA_USAGE = YES_ERROR;
				CLANG_WARN_DOCUMENTATION_COMMENTS = YES;
				CLANG_WARN_EMPTY_BODY = YES;
				CLANG_WARN_ENUM_CONVERSION = YES;
				CLANG_WARN_INFINITE_RECURSION = YES;
				CLANG_WARN_INT_CONVERSION = YES;
				CLANG_WARN_OBJC_ROOT_CLASS = YES_ERROR;
				CLANG_WARN_SUSPICIOUS_MOVES = YES;
				CLANG_WARN_UNREACHABLE_CODE = YES;
				CLANG_WARN__DUPLICATE_METHOD_MATCH = YES;
				"CODE_SIGN_IDENTITY[sdk=iphoneos*]" = "iPhone Developer";
				COPY_PHASE_STRIP = NO;
				DEBUG_INFORMATION_FORMAT = "dwarf-with-dsym";
				ENABLE_NS_ASSERTIONS = NO;
				ENABLE_STRICT_OBJC_MSGSEND = YES;
				GCC_C_LANGUAGE_STANDARD = gnu99;
				GCC_NO_COMMON_BLOCKS = YES;
				GCC_WARN_64_TO_32_BIT_CONVERSION = YES;
				GCC_WARN_ABOUT_RETURN_TYPE = YES_ERROR;
				GCC_WARN_UNDECLARED_SELECTOR = YES;
				GCC_WARN_UNINITIALIZED_AUTOS = YES_AGGRESSIVE;
				GCC_WARN_UNUSED_FUNCTION = YES;
				GCC_WARN_UNUSED_VARIABLE = YES;
				IPHONEOS_DEPLOYMENT_TARGET = 8.0;
				MTL_ENABLE_DEBUG_INFO = NO;
				SDKROOT = iphoneos;
				VALIDATE_PRODUCT = YES;
			};
			name = Release;
		};
		D76B134E1E5C11A700A1247A /* Debug */ = {
			isa = XCBuildConfiguration;
			baseConfigurationReference = CC22ACE9A35B38BA6EC5A06A /* Pods-Objective-C.debug.xcconfig */;
			buildSettings = {
				ASSETCATALOG_COMPILER_APPICON_NAME = AppIcon;
				"CODE_SIGN_IDENTITY[sdk=*]" = "iPhone Developer";
				"CODE_SIGN_IDENTITY[sdk=iphoneos*]" = "iPhone Developer";
				DEVELOPMENT_TEAM = 389K47LAL3;
				INFOPLIST_FILE = "Objective-C/Info.plist";
				IPHONEOS_DEPLOYMENT_TARGET = 8.0;
				LD_RUNPATH_SEARCH_PATHS = "$(inherited) @executable_path/Frameworks";
				PRODUCT_BUNDLE_IDENTIFIER = "com.fandy.Objective-C";
				PRODUCT_NAME = "$(TARGET_NAME)";
			};
			name = Debug;
		};
		D76B134F1E5C11A700A1247A /* Release */ = {
			isa = XCBuildConfiguration;
			baseConfigurationReference = 994CA521C93A56DEB6BA3EAB /* Pods-Objective-C.release.xcconfig */;
			buildSettings = {
				ASSETCATALOG_COMPILER_APPICON_NAME = AppIcon;
				"CODE_SIGN_IDENTITY[sdk=iphoneos*]" = "iPhone Developer";
				DEVELOPMENT_TEAM = 389K47LAL3;
				INFOPLIST_FILE = "Objective-C/Info.plist";
				IPHONEOS_DEPLOYMENT_TARGET = 8.0;
				LD_RUNPATH_SEARCH_PATHS = "$(inherited) @executable_path/Frameworks";
				PRODUCT_BUNDLE_IDENTIFIER = "com.fandy.Objective-C";
				PRODUCT_NAME = "$(TARGET_NAME)";
			};
			name = Release;
		};
		D76B13511E5C11A700A1247A /* Debug */ = {
			isa = XCBuildConfiguration;
			baseConfigurationReference = F378E441543B9D1B87F24B9F /* Pods-Objective-CTests.debug.xcconfig */;
			buildSettings = {
				BUNDLE_LOADER = "$(TEST_HOST)";
				DEVELOPMENT_TEAM = 389K47LAL3;
				INFOPLIST_FILE = "Objective-CTests/Info.plist";
				LD_RUNPATH_SEARCH_PATHS = "$(inherited) @executable_path/Frameworks @loader_path/Frameworks";
				PRODUCT_BUNDLE_IDENTIFIER = "com.fandy.Objective-CTests";
				PRODUCT_NAME = "$(TARGET_NAME)";
				TEST_HOST = "$(BUILT_PRODUCTS_DIR)/Objective-C.app/Objective-C";
			};
			name = Debug;
		};
		D76B13521E5C11A700A1247A /* Release */ = {
			isa = XCBuildConfiguration;
			baseConfigurationReference = 3F68D7D0EB6BAFE01C6937E3 /* Pods-Objective-CTests.release.xcconfig */;
			buildSettings = {
				BUNDLE_LOADER = "$(TEST_HOST)";
				DEVELOPMENT_TEAM = 389K47LAL3;
				INFOPLIST_FILE = "Objective-CTests/Info.plist";
				LD_RUNPATH_SEARCH_PATHS = "$(inherited) @executable_path/Frameworks @loader_path/Frameworks";
				PRODUCT_BUNDLE_IDENTIFIER = "com.fandy.Objective-CTests";
				PRODUCT_NAME = "$(TARGET_NAME)";
				TEST_HOST = "$(BUILT_PRODUCTS_DIR)/Objective-C.app/Objective-C";
			};
			name = Release;
		};
		D76B13541E5C11A700A1247A /* Debug */ = {
			isa = XCBuildConfiguration;
			baseConfigurationReference = FD2EB100661E6C2106D06FEC /* Pods-Objective-CUITests.debug.xcconfig */;
			buildSettings = {
				DEVELOPMENT_TEAM = 389K47LAL3;
				INFOPLIST_FILE = "Objective-CUITests/Info.plist";
				LD_RUNPATH_SEARCH_PATHS = "$(inherited) @executable_path/Frameworks @loader_path/Frameworks";
				PRODUCT_BUNDLE_IDENTIFIER = "com.fandy.Objective-CUITests";
				PRODUCT_NAME = "$(TARGET_NAME)";
				TEST_TARGET_NAME = "Objective-C";
			};
			name = Debug;
		};
		D76B13551E5C11A700A1247A /* Release */ = {
			isa = XCBuildConfiguration;
			baseConfigurationReference = 6B958D3AD3A9046F22F20A40 /* Pods-Objective-CUITests.release.xcconfig */;
			buildSettings = {
				DEVELOPMENT_TEAM = 389K47LAL3;
				INFOPLIST_FILE = "Objective-CUITests/Info.plist";
				LD_RUNPATH_SEARCH_PATHS = "$(inherited) @executable_path/Frameworks @loader_path/Frameworks";
				PRODUCT_BUNDLE_IDENTIFIER = "com.fandy.Objective-CUITests";
				PRODUCT_NAME = "$(TARGET_NAME)";
				TEST_TARGET_NAME = "Objective-C";
			};
			name = Release;
		};
/* End XCBuildConfiguration section */

/* Begin XCConfigurationList section */
		D76B131B1E5C11A700A1247A /* Build configuration list for PBXProject "Objective-C" */ = {
			isa = XCConfigurationList;
			buildConfigurations = (
				D76B134B1E5C11A700A1247A /* Debug */,
				D76B134C1E5C11A700A1247A /* Release */,
			);
			defaultConfigurationIsVisible = 0;
			defaultConfigurationName = Release;
		};
		D76B134D1E5C11A700A1247A /* Build configuration list for PBXNativeTarget "Objective-C" */ = {
			isa = XCConfigurationList;
			buildConfigurations = (
				D76B134E1E5C11A700A1247A /* Debug */,
				D76B134F1E5C11A700A1247A /* Release */,
			);
			defaultConfigurationIsVisible = 0;
			defaultConfigurationName = Release;
		};
		D76B13501E5C11A700A1247A /* Build configuration list for PBXNativeTarget "Objective-CTests" */ = {
			isa = XCConfigurationList;
			buildConfigurations = (
				D76B13511E5C11A700A1247A /* Debug */,
				D76B13521E5C11A700A1247A /* Release */,
			);
			defaultConfigurationIsVisible = 0;
			defaultConfigurationName = Release;
		};
		D76B13531E5C11A700A1247A /* Build configuration list for PBXNativeTarget "Objective-CUITests" */ = {
			isa = XCConfigurationList;
			buildConfigurations = (
				D76B13541E5C11A700A1247A /* Debug */,
				D76B13551E5C11A700A1247A /* Release */,
			);
			defaultConfigurationIsVisible = 0;
			defaultConfigurationName = Release;
		};
/* End XCConfigurationList section */
	};
	rootObject = D76B13181E5C11A700A1247A /* Project object */;
}
