// !$*UTF8*$!
{
	archiveVersion = 1;
	classes = {
	};
	objectVersion = 46;
	objects = {

/* Begin PBXBuildFile section */
		0DAEF27F82E18586592F0C35 /* Pods_Swifter.framework in Frameworks */ = {isa = PBXBuildFile; fileRef = F9ED61F72B9A5E234D2A1D9F /* Pods_Swifter.framework */; };
		186C85321EB209D8796725F1 /* Pods_SwifterUITests.framework in Frameworks */ = {isa = PBXBuildFile; fileRef = 4B208D268C0BBACA3053C8B4 /* Pods_SwifterUITests.framework */; };
		9A2080E6B62FD12F33654BC6 /* Pods_SwifterTests.framework in Frameworks */ = {isa = PBXBuildFile; fileRef = 545F292F71258292451837B5 /* Pods_SwifterTests.framework */; };
		D7222E4A1E67FD1700C7E064 /* AppDelegate.swift in Sources */ = {isa = PBXBuildFile; fileRef = D7222E491E67FD1700C7E064 /* AppDelegate.swift */; };
		D7222E4C1E67FD1700C7E064 /* ViewController.swift in Sources */ = {isa = PBXBuildFile; fileRef = D7222E4B1E67FD1700C7E064 /* ViewController.swift */; };
		D7222E511E67FD1700C7E064 /* Assets.xcassets in Resources */ = {isa = PBXBuildFile; fileRef = D7222E501E67FD1700C7E064 /* Assets.xcassets */; };
		D7222E541E67FD1700C7E064 /* LaunchScreen.storyboard in Resources */ = {isa = PBXBuildFile; fileRef = D7222E521E67FD1700C7E064 /* LaunchScreen.storyboard */; };
		D7222E5F1E67FD1700C7E064 /* SwifterTests.swift in Sources */ = {isa = PBXBuildFile; fileRef = D7222E5E1E67FD1700C7E064 /* SwifterTests.swift */; };
		D7222E6A1E67FD1700C7E064 /* SwifterUITests.swift in Sources */ = {isa = PBXBuildFile; fileRef = D7222E691E67FD1700C7E064 /* SwifterUITests.swift */; };
		DB6BFCCF1E728AC6002768E7 /* MirrorTool.swift in Sources */ = {isa = PBXBuildFile; fileRef = DB6BFCCE1E728AC6002768E7 /* MirrorTool.swift */; };
		DB6BFCD71E728ADB002768E7 /* HttpServer.swift in Sources */ = {isa = PBXBuildFile; fileRef = DB6BFCD11E728ADB002768E7 /* HttpServer.swift */; };
		DB6BFCD81E728ADB002768E7 /* HttpTool.swift in Sources */ = {isa = PBXBuildFile; fileRef = DB6BFCD21E728ADB002768E7 /* HttpTool.swift */; };
		DB6BFCD91E728ADB002768E7 /* LoginModel.swift in Sources */ = {isa = PBXBuildFile; fileRef = DB6BFCD41E728ADB002768E7 /* LoginModel.swift */; };
		DB6BFCDA1E728ADB002768E7 /* SignUpModel.swift in Sources */ = {isa = PBXBuildFile; fileRef = DB6BFCD51E728ADB002768E7 /* SignUpModel.swift */; };
		DB6BFCDB1E728ADB002768E7 /* User.swift in Sources */ = {isa = PBXBuildFile; fileRef = DB6BFCD61E728ADB002768E7 /* User.swift */; };
/* End PBXBuildFile section */

/* Begin PBXContainerItemProxy section */
		D7222E5B1E67FD1700C7E064 /* PBXContainerItemProxy */ = {
			isa = PBXContainerItemProxy;
			containerPortal = D7222E3E1E67FD1600C7E064 /* Project object */;
			proxyType = 1;
			remoteGlobalIDString = D7222E451E67FD1600C7E064;
			remoteInfo = Swifter;
		};
		D7222E661E67FD1700C7E064 /* PBXContainerItemProxy */ = {
			isa = PBXContainerItemProxy;
			containerPortal = D7222E3E1E67FD1600C7E064 /* Project object */;
			proxyType = 1;
			remoteGlobalIDString = D7222E451E67FD1600C7E064;
			remoteInfo = Swifter;
		};
/* End PBXContainerItemProxy section */

/* Begin PBXFileReference section */
		178D2BE04258D64ED970F52C /* Pods-SwifterUITests.release.xcconfig */ = {isa = PBXFileReference; includeInIndex = 1; lastKnownFileType = text.xcconfig; name = "Pods-SwifterUITests.release.xcconfig"; path = "Pods/Target Support Files/Pods-SwifterUITests/Pods-SwifterUITests.release.xcconfig"; sourceTree = "<group>"; };
		33B8CCD8C8CC61AD3DACB45A /* Pods-Swifter.release.xcconfig */ = {isa = PBXFileReference; includeInIndex = 1; lastKnownFileType = text.xcconfig; name = "Pods-Swifter.release.xcconfig"; path = "Pods/Target Support Files/Pods-Swifter/Pods-Swifter.release.xcconfig"; sourceTree = "<group>"; };
		4B208D268C0BBACA3053C8B4 /* Pods_SwifterUITests.framework */ = {isa = PBXFileReference; explicitFileType = wrapper.framework; includeInIndex = 0; path = Pods_SwifterUITests.framework; sourceTree = BUILT_PRODUCTS_DIR; };
		545F292F71258292451837B5 /* Pods_SwifterTests.framework */ = {isa = PBXFileReference; explicitFileType = wrapper.framework; includeInIndex = 0; path = Pods_SwifterTests.framework; sourceTree = BUILT_PRODUCTS_DIR; };
		8685984E01447D8B6FCFC5E9 /* Pods-SwifterTests.debug.xcconfig */ = {isa = PBXFileReference; includeInIndex = 1; lastKnownFileType = text.xcconfig; name = "Pods-SwifterTests.debug.xcconfig"; path = "Pods/Target Support Files/Pods-SwifterTests/Pods-SwifterTests.debug.xcconfig"; sourceTree = "<group>"; };
		8C551E301AD019667A8B5336 /* Pods-SwifterTests.release.xcconfig */ = {isa = PBXFileReference; includeInIndex = 1; lastKnownFileType = text.xcconfig; name = "Pods-SwifterTests.release.xcconfig"; path = "Pods/Target Support Files/Pods-SwifterTests/Pods-SwifterTests.release.xcconfig"; sourceTree = "<group>"; };
		9B683ADAAC2E2F085CFD06CC /* Pods-SwifterUITests.debug.xcconfig */ = {isa = PBXFileReference; includeInIndex = 1; lastKnownFileType = text.xcconfig; name = "Pods-SwifterUITests.debug.xcconfig"; path = "Pods/Target Support Files/Pods-SwifterUITests/Pods-SwifterUITests.debug.xcconfig"; sourceTree = "<group>"; };
		B03587EBFD14736FC29C97A4 /* Pods-Swifter.debug.xcconfig */ = {isa = PBXFileReference; includeInIndex = 1; lastKnownFileType = text.xcconfig; name = "Pods-Swifter.debug.xcconfig"; path = "Pods/Target Support Files/Pods-Swifter/Pods-Swifter.debug.xcconfig"; sourceTree = "<group>"; };
		D7222E461E67FD1600C7E064 /* Swifter.app */ = {isa = PBXFileReference; explicitFileType = wrapper.application; includeInIndex = 0; path = Swifter.app; sourceTree = BUILT_PRODUCTS_DIR; };
		D7222E491E67FD1700C7E064 /* AppDelegate.swift */ = {isa = PBXFileReference; lastKnownFileType = sourcecode.swift; path = AppDelegate.swift; sourceTree = "<group>"; };
		D7222E4B1E67FD1700C7E064 /* ViewController.swift */ = {isa = PBXFileReference; lastKnownFileType = sourcecode.swift; path = ViewController.swift; sourceTree = "<group>"; };
		D7222E501E67FD1700C7E064 /* Assets.xcassets */ = {isa = PBXFileReference; lastKnownFileType = folder.assetcatalog; path = Assets.xcassets; sourceTree = "<group>"; };
		D7222E531E67FD1700C7E064 /* Base */ = {isa = PBXFileReference; lastKnownFileType = file.storyboard; name = Base; path = Base.lproj/LaunchScreen.storyboard; sourceTree = "<group>"; };
		D7222E551E67FD1700C7E064 /* Info.plist */ = {isa = PBXFileReference; lastKnownFileType = text.plist.xml; path = Info.plist; sourceTree = "<group>"; };
		D7222E5A1E67FD1700C7E064 /* SwifterTests.xctest */ = {isa = PBXFileReference; explicitFileType = wrapper.cfbundle; includeInIndex = 0; path = SwifterTests.xctest; sourceTree = BUILT_PRODUCTS_DIR; };
		D7222E5E1E67FD1700C7E064 /* SwifterTests.swift */ = {isa = PBXFileReference; lastKnownFileType = sourcecode.swift; path = SwifterTests.swift; sourceTree = "<group>"; };
		D7222E601E67FD1700C7E064 /* Info.plist */ = {isa = PBXFileReference; lastKnownFileType = text.plist.xml; path = Info.plist; sourceTree = "<group>"; };
		D7222E651E67FD1700C7E064 /* SwifterUITests.xctest */ = {isa = PBXFileReference; explicitFileType = wrapper.cfbundle; includeInIndex = 0; path = SwifterUITests.xctest; sourceTree = BUILT_PRODUCTS_DIR; };
		D7222E691E67FD1700C7E064 /* SwifterUITests.swift */ = {isa = PBXFileReference; lastKnownFileType = sourcecode.swift; path = SwifterUITests.swift; sourceTree = "<group>"; };
		D7222E6B1E67FD1700C7E064 /* Info.plist */ = {isa = PBXFileReference; lastKnownFileType = text.plist.xml; path = Info.plist; sourceTree = "<group>"; };
		DB6BFCCE1E728AC6002768E7 /* MirrorTool.swift */ = {isa = PBXFileReference; fileEncoding = 4; lastKnownFileType = sourcecode.swift; path = MirrorTool.swift; sourceTree = "<group>"; };
		DB6BFCD11E728ADB002768E7 /* HttpServer.swift */ = {isa = PBXFileReference; fileEncoding = 4; lastKnownFileType = sourcecode.swift; path = HttpServer.swift; sourceTree = "<group>"; };
		DB6BFCD21E728ADB002768E7 /* HttpTool.swift */ = {isa = PBXFileReference; fileEncoding = 4; lastKnownFileType = sourcecode.swift; path = HttpTool.swift; sourceTree = "<group>"; };
		DB6BFCD41E728ADB002768E7 /* LoginModel.swift */ = {isa = PBXFileReference; fileEncoding = 4; lastKnownFileType = sourcecode.swift; path = LoginModel.swift; sourceTree = "<group>"; };
		DB6BFCD51E728ADB002768E7 /* SignUpModel.swift */ = {isa = PBXFileReference; fileEncoding = 4; lastKnownFileType = sourcecode.swift; path = SignUpModel.swift; sourceTree = "<group>"; };
		DB6BFCD61E728ADB002768E7 /* User.swift */ = {isa = PBXFileReference; fileEncoding = 4; lastKnownFileType = sourcecode.swift; path = User.swift; sourceTree = "<group>"; };
		F9ED61F72B9A5E234D2A1D9F /* Pods_Swifter.framework */ = {isa = PBXFileReference; explicitFileType = wrapper.framework; includeInIndex = 0; path = Pods_Swifter.framework; sourceTree = BUILT_PRODUCTS_DIR; };
/* End PBXFileReference section */

/* Begin PBXFrameworksBuildPhase section */
		D7222E431E67FD1600C7E064 /* Frameworks */ = {
			isa = PBXFrameworksBuildPhase;
			buildActionMask = 2147483647;
			files = (
				0DAEF27F82E18586592F0C35 /* Pods_Swifter.framework in Frameworks */,
			);
			runOnlyForDeploymentPostprocessing = 0;
		};
		D7222E571E67FD1700C7E064 /* Frameworks */ = {
			isa = PBXFrameworksBuildPhase;
			buildActionMask = 2147483647;
			files = (
				9A2080E6B62FD12F33654BC6 /* Pods_SwifterTests.framework in Frameworks */,
			);
			runOnlyForDeploymentPostprocessing = 0;
		};
		D7222E621E67FD1700C7E064 /* Frameworks */ = {
			isa = PBXFrameworksBuildPhase;
			buildActionMask = 2147483647;
			files = (
				186C85321EB209D8796725F1 /* Pods_SwifterUITests.framework in Frameworks */,
			);
			runOnlyForDeploymentPostprocessing = 0;
		};
/* End PBXFrameworksBuildPhase section */

/* Begin PBXGroup section */
		3965581FF64BFF413A0B5FF1 /* Frameworks */ = {
			isa = PBXGroup;
			children = (
				F9ED61F72B9A5E234D2A1D9F /* Pods_Swifter.framework */,
				545F292F71258292451837B5 /* Pods_SwifterTests.framework */,
				4B208D268C0BBACA3053C8B4 /* Pods_SwifterUITests.framework */,
			);
			name = Frameworks;
			sourceTree = "<group>";
		};
		5CB0C01E3E7F5F1844D26DF7 /* Pods */ = {
			isa = PBXGroup;
			children = (
				B03587EBFD14736FC29C97A4 /* Pods-Swifter.debug.xcconfig */,
				33B8CCD8C8CC61AD3DACB45A /* Pods-Swifter.release.xcconfig */,
				8685984E01447D8B6FCFC5E9 /* Pods-SwifterTests.debug.xcconfig */,
				8C551E301AD019667A8B5336 /* Pods-SwifterTests.release.xcconfig */,
				9B683ADAAC2E2F085CFD06CC /* Pods-SwifterUITests.debug.xcconfig */,
				178D2BE04258D64ED970F52C /* Pods-SwifterUITests.release.xcconfig */,
			);
			name = Pods;
			sourceTree = "<group>";
		};
		D7222E3D1E67FD1600C7E064 = {
			isa = PBXGroup;
			children = (
				D7222E481E67FD1600C7E064 /* Swifter */,
				D7222E5D1E67FD1700C7E064 /* SwifterTests */,
				D7222E681E67FD1700C7E064 /* SwifterUITests */,
				D7222E471E67FD1600C7E064 /* Products */,
				5CB0C01E3E7F5F1844D26DF7 /* Pods */,
				3965581FF64BFF413A0B5FF1 /* Frameworks */,
			);
			sourceTree = "<group>";
		};
		D7222E471E67FD1600C7E064 /* Products */ = {
			isa = PBXGroup;
			children = (
				D7222E461E67FD1600C7E064 /* Swifter.app */,
				D7222E5A1E67FD1700C7E064 /* SwifterTests.xctest */,
				D7222E651E67FD1700C7E064 /* SwifterUITests.xctest */,
			);
			name = Products;
			sourceTree = "<group>";
		};
		D7222E481E67FD1600C7E064 /* Swifter */ = {
			isa = PBXGroup;
			children = (
				DB6BFCD01E728ADB002768E7 /* Http */,
				D7222E491E67FD1700C7E064 /* AppDelegate.swift */,
				DB6BFCCE1E728AC6002768E7 /* MirrorTool.swift */,
				D7222E4B1E67FD1700C7E064 /* ViewController.swift */,
				D7222E501E67FD1700C7E064 /* Assets.xcassets */,
				D7222E521E67FD1700C7E064 /* LaunchScreen.storyboard */,
				D7222E551E67FD1700C7E064 /* Info.plist */,
			);
			path = Swifter;
			sourceTree = "<group>";
		};
		D7222E5D1E67FD1700C7E064 /* SwifterTests */ = {
			isa = PBXGroup;
			children = (
				D7222E5E1E67FD1700C7E064 /* SwifterTests.swift */,
				D7222E601E67FD1700C7E064 /* Info.plist */,
			);
			path = SwifterTests;
			sourceTree = "<group>";
		};
		D7222E681E67FD1700C7E064 /* SwifterUITests */ = {
			isa = PBXGroup;
			children = (
				D7222E691E67FD1700C7E064 /* SwifterUITests.swift */,
				D7222E6B1E67FD1700C7E064 /* Info.plist */,
			);
			path = SwifterUITests;
			sourceTree = "<group>";
		};
		DB6BFCD01E728ADB002768E7 /* Http */ = {
			isa = PBXGroup;
			children = (
				DB6BFCD11E728ADB002768E7 /* HttpServer.swift */,
				DB6BFCD21E728ADB002768E7 /* HttpTool.swift */,
				DB6BFCD31E728ADB002768E7 /* Model */,
			);
			path = Http;
			sourceTree = "<group>";
		};
		DB6BFCD31E728ADB002768E7 /* Model */ = {
			isa = PBXGroup;
			children = (
				DB6BFCD41E728ADB002768E7 /* LoginModel.swift */,
				DB6BFCD51E728ADB002768E7 /* SignUpModel.swift */,
				DB6BFCD61E728ADB002768E7 /* User.swift */,
			);
			path = Model;
			sourceTree = "<group>";
		};
/* End PBXGroup section */

/* Begin PBXNativeTarget section */
		D7222E451E67FD1600C7E064 /* Swifter */ = {
			isa = PBXNativeTarget;
			buildConfigurationList = D7222E6E1E67FD1700C7E064 /* Build configuration list for PBXNativeTarget "Swifter" */;
			buildPhases = (
				E19BE0DFF69A3466247EA000 /* [CP] Check Pods Manifest.lock */,
				D7222E421E67FD1600C7E064 /* Sources */,
				D7222E431E67FD1600C7E064 /* Frameworks */,
				D7222E441E67FD1600C7E064 /* Resources */,
				2E5F3304D09EFEA146F05BD7 /* [CP] Embed Pods Frameworks */,
				9FC1710286B965FE9B0FDAAB /* [CP] Copy Pods Resources */,
			);
			buildRules = (
			);
			dependencies = (
			);
			name = Swifter;
			productName = Swifter;
			productReference = D7222E461E67FD1600C7E064 /* Swifter.app */;
			productType = "com.apple.product-type.application";
		};
		D7222E591E67FD1700C7E064 /* SwifterTests */ = {
			isa = PBXNativeTarget;
			buildConfigurationList = D7222E711E67FD1700C7E064 /* Build configuration list for PBXNativeTarget "SwifterTests" */;
			buildPhases = (
				BB0DEB9D5906DEF668FF05F2 /* [CP] Check Pods Manifest.lock */,
				D7222E561E67FD1700C7E064 /* Sources */,
				D7222E571E67FD1700C7E064 /* Frameworks */,
				D7222E581E67FD1700C7E064 /* Resources */,
				730BC6C2517C5D3C9E8F054C /* [CP] Embed Pods Frameworks */,
				EDE7CA1B6024EB803696312E /* [CP] Copy Pods Resources */,
			);
			buildRules = (
			);
			dependencies = (
				D7222E5C1E67FD1700C7E064 /* PBXTargetDependency */,
			);
			name = SwifterTests;
			productName = SwifterTests;
			productReference = D7222E5A1E67FD1700C7E064 /* SwifterTests.xctest */;
			productType = "com.apple.product-type.bundle.unit-test";
		};
		D7222E641E67FD1700C7E064 /* SwifterUITests */ = {
			isa = PBXNativeTarget;
			buildConfigurationList = D7222E741E67FD1700C7E064 /* Build configuration list for PBXNativeTarget "SwifterUITests" */;
			buildPhases = (
				46A86954EB73239F97225A22 /* [CP] Check Pods Manifest.lock */,
				D7222E611E67FD1700C7E064 /* Sources */,
				D7222E621E67FD1700C7E064 /* Frameworks */,
				D7222E631E67FD1700C7E064 /* Resources */,
				6106DD10EA3EFC694F288ECE /* [CP] Embed Pods Frameworks */,
				5E9D23C546F0B7DBD98B70E9 /* [CP] Copy Pods Resources */,
			);
			buildRules = (
			);
			dependencies = (
				D7222E671E67FD1700C7E064 /* PBXTargetDependency */,
			);
			name = SwifterUITests;
			productName = SwifterUITests;
			productReference = D7222E651E67FD1700C7E064 /* SwifterUITests.xctest */;
			productType = "com.apple.product-type.bundle.ui-testing";
		};
/* End PBXNativeTarget section */

/* Begin PBXProject section */
		D7222E3E1E67FD1600C7E064 /* Project object */ = {
			isa = PBXProject;
			attributes = {
				LastSwiftUpdateCheck = 0820;
				LastUpgradeCheck = 0820;
				ORGANIZATIONNAME = fandy;
				TargetAttributes = {
					D7222E451E67FD1600C7E064 = {
						CreatedOnToolsVersion = 8.2.1;
						DevelopmentTeam = 389K47LAL3;
						ProvisioningStyle = Automatic;
					};
					D7222E591E67FD1700C7E064 = {
						CreatedOnToolsVersion = 8.2.1;
						DevelopmentTeam = 389K47LAL3;
						ProvisioningStyle = Automatic;
						TestTargetID = D7222E451E67FD1600C7E064;
					};
					D7222E641E67FD1700C7E064 = {
						CreatedOnToolsVersion = 8.2.1;
						DevelopmentTeam = 389K47LAL3;
						ProvisioningStyle = Automatic;
						TestTargetID = D7222E451E67FD1600C7E064;
					};
				};
			};
			buildConfigurationList = D7222E411E67FD1600C7E064 /* Build configuration list for PBXProject "Swifter" */;
			compatibilityVersion = "Xcode 3.2";
			developmentRegion = English;
			hasScannedForEncodings = 0;
			knownRegions = (
				en,
				Base,
			);
			mainGroup = D7222E3D1E67FD1600C7E064;
			productRefGroup = D7222E471E67FD1600C7E064 /* Products */;
			projectDirPath = "";
			projectRoot = "";
			targets = (
				D7222E451E67FD1600C7E064 /* Swifter */,
				D7222E591E67FD1700C7E064 /* SwifterTests */,
				D7222E641E67FD1700C7E064 /* SwifterUITests */,
			);
		};
/* End PBXProject section */

/* Begin PBXResourcesBuildPhase section */
		D7222E441E67FD1600C7E064 /* Resources */ = {
			isa = PBXResourcesBuildPhase;
			buildActionMask = 2147483647;
			files = (
				D7222E541E67FD1700C7E064 /* LaunchScreen.storyboard in Resources */,
				D7222E511E67FD1700C7E064 /* Assets.xcassets in Resources */,
			);
			runOnlyForDeploymentPostprocessing = 0;
		};
		D7222E581E67FD1700C7E064 /* Resources */ = {
			isa = PBXResourcesBuildPhase;
			buildActionMask = 2147483647;
			files = (
			);
			runOnlyForDeploymentPostprocessing = 0;
		};
		D7222E631E67FD1700C7E064 /* Resources */ = {
			isa = PBXResourcesBuildPhase;
			buildActionMask = 2147483647;
			files = (
			);
			runOnlyForDeploymentPostprocessing = 0;
		};
/* End PBXResourcesBuildPhase section */

/* Begin PBXShellScriptBuildPhase section */
		2E5F3304D09EFEA146F05BD7 /* [CP] Embed Pods Frameworks */ = {
			isa = PBXShellScriptBuildPhase;
			buildActionMask = 2147483647;
			files = (
			);
			inputPaths = (
			);
			name = "[CP] Embed Pods Frameworks";
			outputPaths = (
			);
			runOnlyForDeploymentPostprocessing = 0;
			shellPath = /bin/sh;
			shellScript = "\"${SRCROOT}/Pods/Target Support Files/Pods-Swifter/Pods-Swifter-frameworks.sh\"\n";
			showEnvVarsInLog = 0;
		};
		46A86954EB73239F97225A22 /* [CP] Check Pods Manifest.lock */ = {
			isa = PBXShellScriptBuildPhase;
			buildActionMask = 2147483647;
			files = (
			);
			inputPaths = (
			);
			name = "[CP] Check Pods Manifest.lock";
			outputPaths = (
			);
			runOnlyForDeploymentPostprocessing = 0;
			shellPath = /bin/sh;
			shellScript = "diff \"${PODS_ROOT}/../Podfile.lock\" \"${PODS_ROOT}/Manifest.lock\" > /dev/null\nif [ $? != 0 ] ; then\n    # print error to STDERR\n    echo \"error: The sandbox is not in sync with the Podfile.lock. Run 'pod install' or update your CocoaPods installation.\" >&2\n    exit 1\nfi\n";
			showEnvVarsInLog = 0;
		};
		5E9D23C546F0B7DBD98B70E9 /* [CP] Copy Pods Resources */ = {
			isa = PBXShellScriptBuildPhase;
			buildActionMask = 2147483647;
			files = (
			);
			inputPaths = (
			);
			name = "[CP] Copy Pods Resources";
			outputPaths = (
			);
			runOnlyForDeploymentPostprocessing = 0;
			shellPath = /bin/sh;
			shellScript = "\"${SRCROOT}/Pods/Target Support Files/Pods-SwifterUITests/Pods-SwifterUITests-resources.sh\"\n";
			showEnvVarsInLog = 0;
		};
		6106DD10EA3EFC694F288ECE /* [CP] Embed Pods Frameworks */ = {
			isa = PBXShellScriptBuildPhase;
			buildActionMask = 2147483647;
			files = (
			);
			inputPaths = (
			);
			name = "[CP] Embed Pods Frameworks";
			outputPaths = (
			);
			runOnlyForDeploymentPostprocessing = 0;
			shellPath = /bin/sh;
			shellScript = "\"${SRCROOT}/Pods/Target Support Files/Pods-SwifterUITests/Pods-SwifterUITests-frameworks.sh\"\n";
			showEnvVarsInLog = 0;
		};
		730BC6C2517C5D3C9E8F054C /* [CP] Embed Pods Frameworks */ = {
			isa = PBXShellScriptBuildPhase;
			buildActionMask = 2147483647;
			files = (
			);
			inputPaths = (
			);
			name = "[CP] Embed Pods Frameworks";
			outputPaths = (
			);
			runOnlyForDeploymentPostprocessing = 0;
			shellPath = /bin/sh;
			shellScript = "\"${SRCROOT}/Pods/Target Support Files/Pods-SwifterTests/Pods-SwifterTests-frameworks.sh\"\n";
			showEnvVarsInLog = 0;
		};
		9FC1710286B965FE9B0FDAAB /* [CP] Copy Pods Resources */ = {
			isa = PBXShellScriptBuildPhase;
			buildActionMask = 2147483647;
			files = (
			);
			inputPaths = (
			);
			name = "[CP] Copy Pods Resources";
			outputPaths = (
			);
			runOnlyForDeploymentPostprocessing = 0;
			shellPath = /bin/sh;
			shellScript = "\"${SRCROOT}/Pods/Target Support Files/Pods-Swifter/Pods-Swifter-resources.sh\"\n";
			showEnvVarsInLog = 0;
		};
		BB0DEB9D5906DEF668FF05F2 /* [CP] Check Pods Manifest.lock */ = {
			isa = PBXShellScriptBuildPhase;
			buildActionMask = 2147483647;
			files = (
			);
			inputPaths = (
			);
			name = "[CP] Check Pods Manifest.lock";
			outputPaths = (
			);
			runOnlyForDeploymentPostprocessing = 0;
			shellPath = /bin/sh;
			shellScript = "diff \"${PODS_ROOT}/../Podfile.lock\" \"${PODS_ROOT}/Manifest.lock\" > /dev/null\nif [ $? != 0 ] ; then\n    # print error to STDERR\n    echo \"error: The sandbox is not in sync with the Podfile.lock. Run 'pod install' or update your CocoaPods installation.\" >&2\n    exit 1\nfi\n";
			showEnvVarsInLog = 0;
		};
		E19BE0DFF69A3466247EA000 /* [CP] Check Pods Manifest.lock */ = {
			isa = PBXShellScriptBuildPhase;
			buildActionMask = 2147483647;
			files = (
			);
			inputPaths = (
			);
			name = "[CP] Check Pods Manifest.lock";
			outputPaths = (
			);
			runOnlyForDeploymentPostprocessing = 0;
			shellPath = /bin/sh;
			shellScript = "diff \"${PODS_ROOT}/../Podfile.lock\" \"${PODS_ROOT}/Manifest.lock\" > /dev/null\nif [ $? != 0 ] ; then\n    # print error to STDERR\n    echo \"error: The sandbox is not in sync with the Podfile.lock. Run 'pod install' or update your CocoaPods installation.\" >&2\n    exit 1\nfi\n";
			showEnvVarsInLog = 0;
		};
		EDE7CA1B6024EB803696312E /* [CP] Copy Pods Resources */ = {
			isa = PBXShellScriptBuildPhase;
			buildActionMask = 2147483647;
			files = (
			);
			inputPaths = (
			);
			name = "[CP] Copy Pods Resources";
			outputPaths = (
			);
			runOnlyForDeploymentPostprocessing = 0;
			shellPath = /bin/sh;
			shellScript = "\"${SRCROOT}/Pods/Target Support Files/Pods-SwifterTests/Pods-SwifterTests-resources.sh\"\n";
			showEnvVarsInLog = 0;
		};
/* End PBXShellScriptBuildPhase section */

/* Begin PBXSourcesBuildPhase section */
		D7222E421E67FD1600C7E064 /* Sources */ = {
			isa = PBXSourcesBuildPhase;
			buildActionMask = 2147483647;
			files = (
				DB6BFCD81E728ADB002768E7 /* HttpTool.swift in Sources */,
				DB6BFCDA1E728ADB002768E7 /* SignUpModel.swift in Sources */,
				DB6BFCD91E728ADB002768E7 /* LoginModel.swift in Sources */,
				DB6BFCCF1E728AC6002768E7 /* MirrorTool.swift in Sources */,
				DB6BFCDB1E728ADB002768E7 /* User.swift in Sources */,
				D7222E4C1E67FD1700C7E064 /* ViewController.swift in Sources */,
				DB6BFCD71E728ADB002768E7 /* HttpServer.swift in Sources */,
				D7222E4A1E67FD1700C7E064 /* AppDelegate.swift in Sources */,
			);
			runOnlyForDeploymentPostprocessing = 0;
		};
		D7222E561E67FD1700C7E064 /* Sources */ = {
			isa = PBXSourcesBuildPhase;
			buildActionMask = 2147483647;
			files = (
				D7222E5F1E67FD1700C7E064 /* SwifterTests.swift in Sources */,
			);
			runOnlyForDeploymentPostprocessing = 0;
		};
		D7222E611E67FD1700C7E064 /* Sources */ = {
			isa = PBXSourcesBuildPhase;
			buildActionMask = 2147483647;
			files = (
				D7222E6A1E67FD1700C7E064 /* SwifterUITests.swift in Sources */,
			);
			runOnlyForDeploymentPostprocessing = 0;
		};
/* End PBXSourcesBuildPhase section */

/* Begin PBXTargetDependency section */
		D7222E5C1E67FD1700C7E064 /* PBXTargetDependency */ = {
			isa = PBXTargetDependency;
			target = D7222E451E67FD1600C7E064 /* Swifter */;
			targetProxy = D7222E5B1E67FD1700C7E064 /* PBXContainerItemProxy */;
		};
		D7222E671E67FD1700C7E064 /* PBXTargetDependency */ = {
			isa = PBXTargetDependency;
			target = D7222E451E67FD1600C7E064 /* Swifter */;
			targetProxy = D7222E661E67FD1700C7E064 /* PBXContainerItemProxy */;
		};
/* End PBXTargetDependency section */

/* Begin PBXVariantGroup section */
		D7222E521E67FD1700C7E064 /* LaunchScreen.storyboard */ = {
			isa = PBXVariantGroup;
			children = (
				D7222E531E67FD1700C7E064 /* Base */,
			);
			name = LaunchScreen.storyboard;
			sourceTree = "<group>";
		};
/* End PBXVariantGroup section */

/* Begin XCBuildConfiguration section */
		D7222E6C1E67FD1700C7E064 /* Debug */ = {
			isa = XCBuildConfiguration;
			buildSettings = {
				ALWAYS_SEARCH_USER_PATHS = NO;
				CLANG_ANALYZER_NONNULL = YES;
				CLANG_CXX_LANGUAGE_STANDARD = "gnu++0x";
				CLANG_CXX_LIBRARY = "libc++";
				CLANG_ENABLE_MODULES = YES;
				CLANG_ENABLE_OBJC_ARC = YES;
				CLANG_WARN_BOOL_CONVERSION = YES;
				CLANG_WARN_CONSTANT_CONVERSION = YES;
				CLANG_WARN_DIRECT_OBJC_ISA_USAGE = YES_ERROR;
				CLANG_WARN_DOCUMENTATION_COMMENTS = YES;
				CLANG_WARN_EMPTY_BODY = YES;
				CLANG_WARN_ENUM_CONVERSION = YES;
				CLANG_WARN_INFINITE_RECURSION = YES;
				CLANG_WARN_INT_CONVERSION = YES;
				CLANG_WARN_OBJC_ROOT_CLASS = YES_ERROR;
				CLANG_WARN_SUSPICIOUS_MOVE = YES;
				CLANG_WARN_UNREACHABLE_CODE = YES;
				CLANG_WARN__DUPLICATE_METHOD_MATCH = YES;
				"CODE_SIGN_IDENTITY[sdk=iphoneos*]" = "iPhone Developer";
				COPY_PHASE_STRIP = NO;
				DEBUG_INFORMATION_FORMAT = dwarf;
				ENABLE_STRICT_OBJC_MSGSEND = YES;
				ENABLE_TESTABILITY = YES;
				GCC_C_LANGUAGE_STANDARD = gnu99;
				GCC_DYNAMIC_NO_PIC = NO;
				GCC_NO_COMMON_BLOCKS = YES;
				GCC_OPTIMIZATION_LEVEL = 0;
				GCC_PREPROCESSOR_DEFINITIONS = (
					"DEBUG=1",
					"$(inherited)",
				);
				GCC_WARN_64_TO_32_BIT_CONVERSION = YES;
				GCC_WARN_ABOUT_RETURN_TYPE = YES_ERROR;
				GCC_WARN_UNDECLARED_SELECTOR = YES;
				GCC_WARN_UNINITIALIZED_AUTOS = YES_AGGRESSIVE;
				GCC_WARN_UNUSED_FUNCTION = YES;
				GCC_WARN_UNUSED_VARIABLE = YES;
				IPHONEOS_DEPLOYMENT_TARGET = 10.2;
				MTL_ENABLE_DEBUG_INFO = YES;
				ONLY_ACTIVE_ARCH = YES;
				SDKROOT = iphoneos;
				SWIFT_ACTIVE_COMPILATION_CONDITIONS = DEBUG;
				SWIFT_OPTIMIZATION_LEVEL = "-Onone";
			};
			name = Debug;
		};
		D7222E6D1E67FD1700C7E064 /* Release */ = {
			isa = XCBuildConfiguration;
			buildSettings = {
				ALWAYS_SEARCH_USER_PATHS = NO;
				CLANG_ANALYZER_NONNULL = YES;
				CLANG_CXX_LANGUAGE_STANDARD = "gnu++0x";
				CLANG_CXX_LIBRARY = "libc++";
				CLANG_ENABLE_MODULES = YES;
				CLANG_ENABLE_OBJC_ARC = YES;
				CLANG_WARN_BOOL_CONVERSION = YES;
				CLANG_WARN_CONSTANT_CONVERSION = YES;
				CLANG_WARN_DIRECT_OBJC_ISA_USAGE = YES_ERROR;
				CLANG_WARN_DOCUMENTATION_COMMENTS = YES;
				CLANG_WARN_EMPTY_BODY = YES;
				CLANG_WARN_ENUM_CONVERSION = YES;
				CLANG_WARN_INFINITE_RECURSION = YES;
				CLANG_WARN_INT_CONVERSION = YES;
				CLANG_WARN_OBJC_ROOT_CLASS = YES_ERROR;
				CLANG_WARN_SUSPICIOUS_MOVE = YES;
				CLANG_WARN_UNREACHABLE_CODE = YES;
				CLANG_WARN__DUPLICATE_METHOD_MATCH = YES;
				"CODE_SIGN_IDENTITY[sdk=iphoneos*]" = "iPhone Developer";
				COPY_PHASE_STRIP = NO;
				DEBUG_INFORMATION_FORMAT = "dwarf-with-dsym";
				ENABLE_NS_ASSERTIONS = NO;
				ENABLE_STRICT_OBJC_MSGSEND = YES;
				GCC_C_LANGUAGE_STANDARD = gnu99;
				GCC_NO_COMMON_BLOCKS = YES;
				GCC_WARN_64_TO_32_BIT_CONVERSION = YES;
				GCC_WARN_ABOUT_RETURN_TYPE = YES_ERROR;
				GCC_WARN_UNDECLARED_SELECTOR = YES;
				GCC_WARN_UNINITIALIZED_AUTOS = YES_AGGRESSIVE;
				GCC_WARN_UNUSED_FUNCTION = YES;
				GCC_WARN_UNUSED_VARIABLE = YES;
				IPHONEOS_DEPLOYMENT_TARGET = 10.2;
				MTL_ENABLE_DEBUG_INFO = NO;
				SDKROOT = iphoneos;
				SWIFT_OPTIMIZATION_LEVEL = "-Owholemodule";
				VALIDATE_PRODUCT = YES;
			};
			name = Release;
		};
		D7222E6F1E67FD1700C7E064 /* Debug */ = {
			isa = XCBuildConfiguration;
			baseConfigurationReference = B03587EBFD14736FC29C97A4 /* Pods-Swifter.debug.xcconfig */;
			buildSettings = {
				ASSETCATALOG_COMPILER_APPICON_NAME = AppIcon;
				DEVELOPMENT_TEAM = 389K47LAL3;
				INFOPLIST_FILE = Swifter/Info.plist;
				LD_RUNPATH_SEARCH_PATHS = "$(inherited) @executable_path/Frameworks";
				PRODUCT_BUNDLE_IDENTIFIER = com.fandy.Swifter;
				PRODUCT_NAME = "$(TARGET_NAME)";
				SWIFT_VERSION = 3.0;
			};
			name = Debug;
		};
		D7222E701E67FD1700C7E064 /* Release */ = {
			isa = XCBuildConfiguration;
			baseConfigurationReference = 33B8CCD8C8CC61AD3DACB45A /* Pods-Swifter.release.xcconfig */;
			buildSettings = {
				ASSETCATALOG_COMPILER_APPICON_NAME = AppIcon;
				DEVELOPMENT_TEAM = 389K47LAL3;
				INFOPLIST_FILE = Swifter/Info.plist;
				LD_RUNPATH_SEARCH_PATHS = "$(inherited) @executable_path/Frameworks";
				PRODUCT_BUNDLE_IDENTIFIER = com.fandy.Swifter;
				PRODUCT_NAME = "$(TARGET_NAME)";
				SWIFT_VERSION = 3.0;
			};
			name = Release;
		};
		D7222E721E67FD1700C7E064 /* Debug */ = {
			isa = XCBuildConfiguration;
			baseConfigurationReference = 8685984E01447D8B6FCFC5E9 /* Pods-SwifterTests.debug.xcconfig */;
			buildSettings = {
				ALWAYS_EMBED_SWIFT_STANDARD_LIBRARIES = YES;
				BUNDLE_LOADER = "$(TEST_HOST)";
				DEVELOPMENT_TEAM = 389K47LAL3;
				INFOPLIST_FILE = SwifterTests/Info.plist;
				LD_RUNPATH_SEARCH_PATHS = "$(inherited) @executable_path/Frameworks @loader_path/Frameworks";
				PRODUCT_BUNDLE_IDENTIFIER = com.fandy.SwifterTests;
				PRODUCT_NAME = "$(TARGET_NAME)";
				SWIFT_VERSION = 3.0;
				TEST_HOST = "$(BUILT_PRODUCTS_DIR)/Swifter.app/Swifter";
			};
			name = Debug;
		};
		D7222E731E67FD1700C7E064 /* Release */ = {
			isa = XCBuildConfiguration;
			baseConfigurationReference = 8C551E301AD019667A8B5336 /* Pods-SwifterTests.release.xcconfig */;
			buildSettings = {
				ALWAYS_EMBED_SWIFT_STANDARD_LIBRARIES = YES;
				BUNDLE_LOADER = "$(TEST_HOST)";
				DEVELOPMENT_TEAM = 389K47LAL3;
				INFOPLIST_FILE = SwifterTests/Info.plist;
				LD_RUNPATH_SEARCH_PATHS = "$(inherited) @executable_path/Frameworks @loader_path/Frameworks";
				PRODUCT_BUNDLE_IDENTIFIER = com.fandy.SwifterTests;
				PRODUCT_NAME = "$(TARGET_NAME)";
				SWIFT_VERSION = 3.0;
				TEST_HOST = "$(BUILT_PRODUCTS_DIR)/Swifter.app/Swifter";
			};
			name = Release;
		};
		D7222E751E67FD1700C7E064 /* Debug */ = {
			isa = XCBuildConfiguration;
			baseConfigurationReference = 9B683ADAAC2E2F085CFD06CC /* Pods-SwifterUITests.debug.xcconfig */;
			buildSettings = {
				ALWAYS_EMBED_SWIFT_STANDARD_LIBRARIES = YES;
				DEVELOPMENT_TEAM = 389K47LAL3;
				INFOPLIST_FILE = SwifterUITests/Info.plist;
				LD_RUNPATH_SEARCH_PATHS = "$(inherited) @executable_path/Frameworks @loader_path/Frameworks";
				PRODUCT_BUNDLE_IDENTIFIER = com.fandy.SwifterUITests;
				PRODUCT_NAME = "$(TARGET_NAME)";
				SWIFT_VERSION = 3.0;
				TEST_TARGET_NAME = Swifter;
			};
			name = Debug;
		};
		D7222E761E67FD1700C7E064 /* Release */ = {
			isa = XCBuildConfiguration;
			baseConfigurationReference = 178D2BE04258D64ED970F52C /* Pods-SwifterUITests.release.xcconfig */;
			buildSettings = {
				ALWAYS_EMBED_SWIFT_STANDARD_LIBRARIES = YES;
				DEVELOPMENT_TEAM = 389K47LAL3;
				INFOPLIST_FILE = SwifterUITests/Info.plist;
				LD_RUNPATH_SEARCH_PATHS = "$(inherited) @executable_path/Frameworks @loader_path/Frameworks";
				PRODUCT_BUNDLE_IDENTIFIER = com.fandy.SwifterUITests;
				PRODUCT_NAME = "$(TARGET_NAME)";
				SWIFT_VERSION = 3.0;
				TEST_TARGET_NAME = Swifter;
			};
			name = Release;
		};
/* End XCBuildConfiguration section */

/* Begin XCConfigurationList section */
		D7222E411E67FD1600C7E064 /* Build configuration list for PBXProject "Swifter" */ = {
			isa = XCConfigurationList;
			buildConfigurations = (
				D7222E6C1E67FD1700C7E064 /* Debug */,
				D7222E6D1E67FD1700C7E064 /* Release */,
			);
			defaultConfigurationIsVisible = 0;
			defaultConfigurationName = Release;
		};
		D7222E6E1E67FD1700C7E064 /* Build configuration list for PBXNativeTarget "Swifter" */ = {
			isa = XCConfigurationList;
			buildConfigurations = (
				D7222E6F1E67FD1700C7E064 /* Debug */,
				D7222E701E67FD1700C7E064 /* Release */,
			);
			defaultConfigurationIsVisible = 0;
			defaultConfigurationName = Release;
		};
		D7222E711E67FD1700C7E064 /* Build configuration list for PBXNativeTarget "SwifterTests" */ = {
			isa = XCConfigurationList;
			buildConfigurations = (
				D7222E721E67FD1700C7E064 /* Debug */,
				D7222E731E67FD1700C7E064 /* Release */,
			);
			defaultConfigurationIsVisible = 0;
			defaultConfigurationName = Release;
		};
		D7222E741E67FD1700C7E064 /* Build configuration list for PBXNativeTarget "SwifterUITests" */ = {
			isa = XCConfigurationList;
			buildConfigurations = (
				D7222E751E67FD1700C7E064 /* Debug */,
				D7222E761E67FD1700C7E064 /* Release */,
			);
			defaultConfigurationIsVisible = 0;
			defaultConfigurationName = Release;
		};
/* End XCConfigurationList section */
	};
	rootObject = D7222E3E1E67FD1600C7E064 /* Project object */;
}
