// !$*UTF8*$!
{
	archiveVersion = 1;
	classes = {
	};
	objectVersion = 46;
	objects = {

/* Begin PBXBuildFile section */
		D76B13631E5C11D400A1247A /* AppDelegate.swift in Sources */ = {isa = PBXBuildFile; fileRef = D76B13621E5C11D400A1247A /* AppDelegate.swift */; };
		D76B13651E5C11D400A1247A /* ViewController.swift in Sources */ = {isa = PBXBuildFile; fileRef = D76B13641E5C11D400A1247A /* ViewController.swift */; };
		D76B13681E5C11D400A1247A /* Main.storyboard in Resources */ = {isa = PBXBuildFile; fileRef = D76B13661E5C11D400A1247A /* Main.storyboard */; };
		D76B136A1E5C11D400A1247A /* Assets.xcassets in Resources */ = {isa = PBXBuildFile; fileRef = D76B13691E5C11D400A1247A /* Assets.xcassets */; };
		D76B136D1E5C11D400A1247A /* LaunchScreen.storyboard in Resources */ = {isa = PBXBuildFile; fileRef = D76B136B1E5C11D400A1247A /* LaunchScreen.storyboard */; };
		D76B13781E5C11D400A1247A /* SwiftTests.swift in Sources */ = {isa = PBXBuildFile; fileRef = D76B13771E5C11D400A1247A /* SwiftTests.swift */; };
		D76B13831E5C11D400A1247A /* SwiftUITests.swift in Sources */ = {isa = PBXBuildFile; fileRef = D76B13821E5C11D400A1247A /* SwiftUITests.swift */; };
/* End PBXBuildFile section */

/* Begin PBXContainerItemProxy section */
		D76B13741E5C11D400A1247A /* PBXContainerItemProxy */ = {
			isa = PBXContainerItemProxy;
			containerPortal = D76B13571E5C11D400A1247A /* Project object */;
			proxyType = 1;
			remoteGlobalIDString = D76B135E1E5C11D400A1247A;
			remoteInfo = Swift;
		};
		D76B137F1E5C11D400A1247A /* PBXContainerItemProxy */ = {
			isa = PBXContainerItemProxy;
			containerPortal = D76B13571E5C11D400A1247A /* Project object */;
			proxyType = 1;
			remoteGlobalIDString = D76B135E1E5C11D400A1247A;
			remoteInfo = Swift;
		};
/* End PBXContainerItemProxy section */

/* Begin PBXFileReference section */
		D76B135F1E5C11D400A1247A /* Swift.app */ = {isa = PBXFileReference; explicitFileType = wrapper.application; includeInIndex = 0; path = Swift.app; sourceTree = BUILT_PRODUCTS_DIR; };
		D76B13621E5C11D400A1247A /* AppDelegate.swift */ = {isa = PBXFileReference; lastKnownFileType = sourcecode.swift; path = AppDelegate.swift; sourceTree = "<group>"; };
		D76B13641E5C11D400A1247A /* ViewController.swift */ = {isa = PBXFileReference; lastKnownFileType = sourcecode.swift; path = ViewController.swift; sourceTree = "<group>"; };
		D76B13671E5C11D400A1247A /* Base */ = {isa = PBXFileReference; lastKnownFileType = file.storyboard; name = Base; path = Base.lproj/Main.storyboard; sourceTree = "<group>"; };
		D76B13691E5C11D400A1247A /* Assets.xcassets */ = {isa = PBXFileReference; lastKnownFileType = folder.assetcatalog; path = Assets.xcassets; sourceTree = "<group>"; };
		D76B136C1E5C11D400A1247A /* Base */ = {isa = PBXFileReference; lastKnownFileType = file.storyboard; name = Base; path = Base.lproj/LaunchScreen.storyboard; sourceTree = "<group>"; };
		D76B136E1E5C11D400A1247A /* Info.plist */ = {isa = PBXFileReference; lastKnownFileType = text.plist.xml; path = Info.plist; sourceTree = "<group>"; };
		D76B13731E5C11D400A1247A /* SwiftTests.xctest */ = {isa = PBXFileReference; explicitFileType = wrapper.cfbundle; includeInIndex = 0; path = SwiftTests.xctest; sourceTree = BUILT_PRODUCTS_DIR; };
		D76B13771E5C11D400A1247A /* SwiftTests.swift */ = {isa = PBXFileReference; lastKnownFileType = sourcecode.swift; path = SwiftTests.swift; sourceTree = "<group>"; };
		D76B13791E5C11D400A1247A /* Info.plist */ = {isa = PBXFileReference; lastKnownFileType = text.plist.xml; path = Info.plist; sourceTree = "<group>"; };
		D76B137E1E5C11D400A1247A /* SwiftUITests.xctest */ = {isa = PBXFileReference; explicitFileType = wrapper.cfbundle; includeInIndex = 0; path = SwiftUITests.xctest; sourceTree = BUILT_PRODUCTS_DIR; };
		D76B13821E5C11D400A1247A /* SwiftUITests.swift */ = {isa = PBXFileReference; lastKnownFileType = sourcecode.swift; path = SwiftUITests.swift; sourceTree = "<group>"; };
		D76B13841E5C11D400A1247A /* Info.plist */ = {isa = PBXFileReference; lastKnownFileType = text.plist.xml; path = Info.plist; sourceTree = "<group>"; };
/* End PBXFileReference section */

/* Begin PBXFrameworksBuildPhase section */
		D76B135C1E5C11D400A1247A /* Frameworks */ = {
			isa = PBXFrameworksBuildPhase;
			buildActionMask = 2147483647;
			files = (
			);
			runOnlyForDeploymentPostprocessing = 0;
		};
		D76B13701E5C11D400A1247A /* Frameworks */ = {
			isa = PBXFrameworksBuildPhase;
			buildActionMask = 2147483647;
			files = (
			);
			runOnlyForDeploymentPostprocessing = 0;
		};
		D76B137B1E5C11D400A1247A /* Frameworks */ = {
			isa = PBXFrameworksBuildPhase;
			buildActionMask = 2147483647;
			files = (
			);
			runOnlyForDeploymentPostprocessing = 0;
		};
/* End PBXFrameworksBuildPhase section */

/* Begin PBXGroup section */
		D76B13561E5C11D400A1247A = {
			isa = PBXGroup;
			children = (
				D76B13611E5C11D400A1247A /* Swift */,
				D76B13761E5C11D400A1247A /* SwiftTests */,
				D76B13811E5C11D400A1247A /* SwiftUITests */,
				D76B13601E5C11D400A1247A /* Products */,
			);
			sourceTree = "<group>";
		};
		D76B13601E5C11D400A1247A /* Products */ = {
			isa = PBXGroup;
			children = (
				D76B135F1E5C11D400A1247A /* Swift.app */,
				D76B13731E5C11D400A1247A /* SwiftTests.xctest */,
				D76B137E1E5C11D400A1247A /* SwiftUITests.xctest */,
			);
			name = Products;
			sourceTree = "<group>";
		};
		D76B13611E5C11D400A1247A /* Swift */ = {
			isa = PBXGroup;
			children = (
				D76B13621E5C11D400A1247A /* AppDelegate.swift */,
				D76B13641E5C11D400A1247A /* ViewController.swift */,
				D76B13661E5C11D400A1247A /* Main.storyboard */,
				D76B13691E5C11D400A1247A /* Assets.xcassets */,
				D76B136B1E5C11D400A1247A /* LaunchScreen.storyboard */,
				D76B136E1E5C11D400A1247A /* Info.plist */,
			);
			path = Swift;
			sourceTree = "<group>";
		};
		D76B13761E5C11D400A1247A /* SwiftTests */ = {
			isa = PBXGroup;
			children = (
				D76B13771E5C11D400A1247A /* SwiftTests.swift */,
				D76B13791E5C11D400A1247A /* Info.plist */,
			);
			path = SwiftTests;
			sourceTree = "<group>";
		};
		D76B13811E5C11D400A1247A /* SwiftUITests */ = {
			isa = PBXGroup;
			children = (
				D76B13821E5C11D400A1247A /* SwiftUITests.swift */,
				D76B13841E5C11D400A1247A /* Info.plist */,
			);
			path = SwiftUITests;
			sourceTree = "<group>";
		};
/* End PBXGroup section */

/* Begin PBXNativeTarget section */
		D76B135E1E5C11D400A1247A /* Swift */ = {
			isa = PBXNativeTarget;
			buildConfigurationList = D76B13871E5C11D400A1247A /* Build configuration list for PBXNativeTarget "Swift" */;
			buildPhases = (
				D76B135B1E5C11D400A1247A /* Sources */,
				D76B135C1E5C11D400A1247A /* Frameworks */,
				D76B135D1E5C11D400A1247A /* Resources */,
			);
			buildRules = (
			);
			dependencies = (
			);
			name = Swift;
			productName = Swift;
			productReference = D76B135F1E5C11D400A1247A /* Swift.app */;
			productType = "com.apple.product-type.application";
		};
		D76B13721E5C11D400A1247A /* SwiftTests */ = {
			isa = PBXNativeTarget;
			buildConfigurationList = D76B138A1E5C11D400A1247A /* Build configuration list for PBXNativeTarget "SwiftTests" */;
			buildPhases = (
				D76B136F1E5C11D400A1247A /* Sources */,
				D76B13701E5C11D400A1247A /* Frameworks */,
				D76B13711E5C11D400A1247A /* Resources */,
			);
			buildRules = (
			);
			dependencies = (
				D76B13751E5C11D400A1247A /* PBXTargetDependency */,
			);
			name = SwiftTests;
			productName = SwiftTests;
			productReference = D76B13731E5C11D400A1247A /* SwiftTests.xctest */;
			productType = "com.apple.product-type.bundle.unit-test";
		};
		D76B137D1E5C11D400A1247A /* SwiftUITests */ = {
			isa = PBXNativeTarget;
			buildConfigurationList = D76B138D1E5C11D400A1247A /* Build configuration list for PBXNativeTarget "SwiftUITests" */;
			buildPhases = (
				D76B137A1E5C11D400A1247A /* Sources */,
				D76B137B1E5C11D400A1247A /* Frameworks */,
				D76B137C1E5C11D400A1247A /* Resources */,
			);
			buildRules = (
			);
			dependencies = (
				D76B13801E5C11D400A1247A /* PBXTargetDependency */,
			);
			name = SwiftUITests;
			productName = SwiftUITests;
			productReference = D76B137E1E5C11D400A1247A /* SwiftUITests.xctest */;
			productType = "com.apple.product-type.bundle.ui-testing";
		};
/* End PBXNativeTarget section */

/* Begin PBXProject section */
		D76B13571E5C11D400A1247A /* Project object */ = {
			isa = PBXProject;
			attributes = {
				LastSwiftUpdateCheck = 0810;
				LastUpgradeCheck = 0810;
				ORGANIZATIONNAME = fandy;
				TargetAttributes = {
					D76B135E1E5C11D400A1247A = {
						CreatedOnToolsVersion = 8.1;
						DevelopmentTeam = 389K47LAL3;
						ProvisioningStyle = Automatic;
					};
					D76B13721E5C11D400A1247A = {
						CreatedOnToolsVersion = 8.1;
						DevelopmentTeam = 389K47LAL3;
						ProvisioningStyle = Automatic;
						TestTargetID = D76B135E1E5C11D400A1247A;
					};
					D76B137D1E5C11D400A1247A = {
						CreatedOnToolsVersion = 8.1;
						DevelopmentTeam = 389K47LAL3;
						ProvisioningStyle = Automatic;
						TestTargetID = D76B135E1E5C11D400A1247A;
					};
				};
			};
			buildConfigurationList = D76B135A1E5C11D400A1247A /* Build configuration list for PBXProject "Swift" */;
			compatibilityVersion = "Xcode 3.2";
			developmentRegion = English;
			hasScannedForEncodings = 0;
			knownRegions = (
				en,
				Base,
			);
			mainGroup = D76B13561E5C11D400A1247A;
			productRefGroup = D76B13601E5C11D400A1247A /* Products */;
			projectDirPath = "";
			projectRoot = "";
			targets = (
				D76B135E1E5C11D400A1247A /* Swift */,
				D76B13721E5C11D400A1247A /* SwiftTests */,
				D76B137D1E5C11D400A1247A /* SwiftUITests */,
			);
		};
/* End PBXProject section */

/* Begin PBXResourcesBuildPhase section */
		D76B135D1E5C11D400A1247A /* Resources */ = {
			isa = PBXResourcesBuildPhase;
			buildActionMask = 2147483647;
			files = (
				D76B136D1E5C11D400A1247A /* LaunchScreen.storyboard in Resources */,
				D76B136A1E5C11D400A1247A /* Assets.xcassets in Resources */,
				D76B13681E5C11D400A1247A /* Main.storyboard in Resources */,
			);
			runOnlyForDeploymentPostprocessing = 0;
		};
		D76B13711E5C11D400A1247A /* Resources */ = {
			isa = PBXResourcesBuildPhase;
			buildActionMask = 2147483647;
			files = (
			);
			runOnlyForDeploymentPostprocessing = 0;
		};
		D76B137C1E5C11D400A1247A /* Resources */ = {
			isa = PBXResourcesBuildPhase;
			buildActionMask = 2147483647;
			files = (
			);
			runOnlyForDeploymentPostprocessing = 0;
		};
/* End PBXResourcesBuildPhase section */

/* Begin PBXSourcesBuildPhase section */
		D76B135B1E5C11D400A1247A /* Sources */ = {
			isa = PBXSourcesBuildPhase;
			buildActionMask = 2147483647;
			files = (
				D76B13651E5C11D400A1247A /* ViewController.swift in Sources */,
				D76B13631E5C11D400A1247A /* AppDelegate.swift in Sources */,
			);
			runOnlyForDeploymentPostprocessing = 0;
		};
		D76B136F1E5C11D400A1247A /* Sources */ = {
			isa = PBXSourcesBuildPhase;
			buildActionMask = 2147483647;
			files = (
				D76B13781E5C11D400A1247A /* SwiftTests.swift in Sources */,
			);
			runOnlyForDeploymentPostprocessing = 0;
		};
		D76B137A1E5C11D400A1247A /* Sources */ = {
			isa = PBXSourcesBuildPhase;
			buildActionMask = 2147483647;
			files = (
				D76B13831E5C11D400A1247A /* SwiftUITests.swift in Sources */,
			);
			runOnlyForDeploymentPostprocessing = 0;
		};
/* End PBXSourcesBuildPhase section */

/* Begin PBXTargetDependency section */
		D76B13751E5C11D400A1247A /* PBXTargetDependency */ = {
			isa = PBXTargetDependency;
			target = D76B135E1E5C11D400A1247A /* Swift */;
			targetProxy = D76B13741E5C11D400A1247A /* PBXContainerItemProxy */;
		};
		D76B13801E5C11D400A1247A /* PBXTargetDependency */ = {
			isa = PBXTargetDependency;
			target = D76B135E1E5C11D400A1247A /* Swift */;
			targetProxy = D76B137F1E5C11D400A1247A /* PBXContainerItemProxy */;
		};
/* End PBXTargetDependency section */

/* Begin PBXVariantGroup section */
		D76B13661E5C11D400A1247A /* Main.storyboard */ = {
			isa = PBXVariantGroup;
			children = (
				D76B13671E5C11D400A1247A /* Base */,
			);
			name = Main.storyboard;
			sourceTree = "<group>";
		};
		D76B136B1E5C11D400A1247A /* LaunchScreen.storyboard */ = {
			isa = PBXVariantGroup;
			children = (
				D76B136C1E5C11D400A1247A /* Base */,
			);
			name = LaunchScreen.storyboard;
			sourceTree = "<group>";
		};
/* End PBXVariantGroup section */

/* Begin XCBuildConfiguration section */
		D76B13851E5C11D400A1247A /* Debug */ = {
			isa = XCBuildConfiguration;
			buildSettings = {
				ALWAYS_SEARCH_USER_PATHS = NO;
				CLANG_ANALYZER_NONNULL = YES;
				CLANG_CXX_LANGUAGE_STANDARD = "gnu++0x";
				CLANG_CXX_LIBRARY = "libc++";
				CLANG_ENABLE_MODULES = YES;
				CLANG_ENABLE_OBJC_ARC = YES;
				CLANG_WARN_BOOL_CONVERSION = YES;
				CLANG_WARN_CONSTANT_CONVERSION = YES;
				CLANG_WARN_DIRECT_OBJC_ISA_USAGE = YES_ERROR;
				CLANG_WARN_DOCUMENTATION_COMMENTS = YES;
				CLANG_WARN_EMPTY_BODY = YES;
				CLANG_WARN_ENUM_CONVERSION = YES;
				CLANG_WARN_INFINITE_RECURSION = YES;
				CLANG_WARN_INT_CONVERSION = YES;
				CLANG_WARN_OBJC_ROOT_CLASS = YES_ERROR;
				CLANG_WARN_SUSPICIOUS_MOVES = YES;
				CLANG_WARN_UNREACHABLE_CODE = YES;
				CLANG_WARN__DUPLICATE_METHOD_MATCH = YES;
				"CODE_SIGN_IDENTITY[sdk=iphoneos*]" = "iPhone Developer";
				COPY_PHASE_STRIP = NO;
				DEBUG_INFORMATION_FORMAT = dwarf;
				ENABLE_STRICT_OBJC_MSGSEND = YES;
				ENABLE_TESTABILITY = YES;
				GCC_C_LANGUAGE_STANDARD = gnu99;
				GCC_DYNAMIC_NO_PIC = NO;
				GCC_NO_COMMON_BLOCKS = YES;
				GCC_OPTIMIZATION_LEVEL = 0;
				GCC_PREPROCESSOR_DEFINITIONS = (
					"DEBUG=1",
					"$(inherited)",
				);
				GCC_WARN_64_TO_32_BIT_CONVERSION = YES;
				GCC_WARN_ABOUT_RETURN_TYPE = YES_ERROR;
				GCC_WARN_UNDECLARED_SELECTOR = YES;
				GCC_WARN_UNINITIALIZED_AUTOS = YES_AGGRESSIVE;
				GCC_WARN_UNUSED_FUNCTION = YES;
				GCC_WARN_UNUSED_VARIABLE = YES;
				IPHONEOS_DEPLOYMENT_TARGET = 10.1;
				MTL_ENABLE_DEBUG_INFO = YES;
				ONLY_ACTIVE_ARCH = YES;
				SDKROOT = iphoneos;
				SWIFT_ACTIVE_COMPILATION_CONDITIONS = DEBUG;
				SWIFT_OPTIMIZATION_LEVEL = "-Onone";
			};
			name = Debug;
		};
		D76B13861E5C11D400A1247A /* Release */ = {
			isa = XCBuildConfiguration;
			buildSettings = {
				ALWAYS_SEARCH_USER_PATHS = NO;
				CLANG_ANALYZER_NONNULL = YES;
				CLANG_CXX_LANGUAGE_STANDARD = "gnu++0x";
				CLANG_CXX_LIBRARY = "libc++";
				CLANG_ENABLE_MODULES = YES;
				CLANG_ENABLE_OBJC_ARC = YES;
				CLANG_WARN_BOOL_CONVERSION = YES;
				CLANG_WARN_CONSTANT_CONVERSION = YES;
				CLANG_WARN_DIRECT_OBJC_ISA_USAGE = YES_ERROR;
				CLANG_WARN_DOCUMENTATION_COMMENTS = YES;
				CLANG_WARN_EMPTY_BODY = YES;
				CLANG_WARN_ENUM_CONVERSION = YES;
				CLANG_WARN_INFINITE_RECURSION = YES;
				CLANG_WARN_INT_CONVERSION = YES;
				CLANG_WARN_OBJC_ROOT_CLASS = YES_ERROR;
				CLANG_WARN_SUSPICIOUS_MOVES = YES;
				CLANG_WARN_UNREACHABLE_CODE = YES;
				CLANG_WARN__DUPLICATE_METHOD_MATCH = YES;
				"CODE_SIGN_IDENTITY[sdk=iphoneos*]" = "iPhone Developer";
				COPY_PHASE_STRIP = NO;
				DEBUG_INFORMATION_FORMAT = "dwarf-with-dsym";
				ENABLE_NS_ASSERTIONS = NO;
				ENABLE_STRICT_OBJC_MSGSEND = YES;
				GCC_C_LANGUAGE_STANDARD = gnu99;
				GCC_NO_COMMON_BLOCKS = YES;
				GCC_WARN_64_TO_32_BIT_CONVERSION = YES;
				GCC_WARN_ABOUT_RETURN_TYPE = YES_ERROR;
				GCC_WARN_UNDECLARED_SELECTOR = YES;
				GCC_WARN_UNINITIALIZED_AUTOS = YES_AGGRESSIVE;
				GCC_WARN_UNUSED_FUNCTION = YES;
				GCC_WARN_UNUSED_VARIABLE = YES;
				IPHONEOS_DEPLOYMENT_TARGET = 10.1;
				MTL_ENABLE_DEBUG_INFO = NO;
				SDKROOT = iphoneos;
				SWIFT_OPTIMIZATION_LEVEL = "-Owholemodule";
				VALIDATE_PRODUCT = YES;
			};
			name = Release;
		};
		D76B13881E5C11D400A1247A /* Debug */ = {
			isa = XCBuildConfiguration;
			buildSettings = {
				ASSETCATALOG_COMPILER_APPICON_NAME = AppIcon;
				DEVELOPMENT_TEAM = 389K47LAL3;
				INFOPLIST_FILE = Swift/Info.plist;
				LD_RUNPATH_SEARCH_PATHS = "$(inherited) @executable_path/Frameworks";
				PRODUCT_BUNDLE_IDENTIFIER = com.fandy.Swift;
				PRODUCT_NAME = "$(TARGET_NAME)";
				SWIFT_VERSION = 3.0;
			};
			name = Debug;
		};
		D76B13891E5C11D400A1247A /* Release */ = {
			isa = XCBuildConfiguration;
			buildSettings = {
				ASSETCATALOG_COMPILER_APPICON_NAME = AppIcon;
				DEVELOPMENT_TEAM = 389K47LAL3;
				INFOPLIST_FILE = Swift/Info.plist;
				LD_RUNPATH_SEARCH_PATHS = "$(inherited) @executable_path/Frameworks";
				PRODUCT_BUNDLE_IDENTIFIER = com.fandy.Swift;
				PRODUCT_NAME = "$(TARGET_NAME)";
				SWIFT_VERSION = 3.0;
			};
			name = Release;
		};
		D76B138B1E5C11D400A1247A /* Debug */ = {
			isa = XCBuildConfiguration;
			buildSettings = {
				ALWAYS_EMBED_SWIFT_STANDARD_LIBRARIES = YES;
				BUNDLE_LOADER = "$(TEST_HOST)";
				DEVELOPMENT_TEAM = 389K47LAL3;
				INFOPLIST_FILE = SwiftTests/Info.plist;
				LD_RUNPATH_SEARCH_PATHS = "$(inherited) @executable_path/Frameworks @loader_path/Frameworks";
				PRODUCT_BUNDLE_IDENTIFIER = com.fandy.SwiftTests;
				PRODUCT_NAME = "$(TARGET_NAME)";
				SWIFT_VERSION = 3.0;
				TEST_HOST = "$(BUILT_PRODUCTS_DIR)/Swift.app/Swift";
			};
			name = Debug;
		};
		D76B138C1E5C11D400A1247A /* Release */ = {
			isa = XCBuildConfiguration;
			buildSettings = {
				ALWAYS_EMBED_SWIFT_STANDARD_LIBRARIES = YES;
				BUNDLE_LOADER = "$(TEST_HOST)";
				DEVELOPMENT_TEAM = 389K47LAL3;
				INFOPLIST_FILE = SwiftTests/Info.plist;
				LD_RUNPATH_SEARCH_PATHS = "$(inherited) @executable_path/Frameworks @loader_path/Frameworks";
				PRODUCT_BUNDLE_IDENTIFIER = com.fandy.SwiftTests;
				PRODUCT_NAME = "$(TARGET_NAME)";
				SWIFT_VERSION = 3.0;
				TEST_HOST = "$(BUILT_PRODUCTS_DIR)/Swift.app/Swift";
			};
			name = Release;
		};
		D76B138E1E5C11D400A1247A /* Debug */ = {
			isa = XCBuildConfiguration;
			buildSettings = {
				ALWAYS_EMBED_SWIFT_STANDARD_LIBRARIES = YES;
				DEVELOPMENT_TEAM = 389K47LAL3;
				INFOPLIST_FILE = SwiftUITests/Info.plist;
				LD_RUNPATH_SEARCH_PATHS = "$(inherited) @executable_path/Frameworks @loader_path/Frameworks";
				PRODUCT_BUNDLE_IDENTIFIER = com.fandy.SwiftUITests;
				PRODUCT_NAME = "$(TARGET_NAME)";
				SWIFT_VERSION = 3.0;
				TEST_TARGET_NAME = Swift;
			};
			name = Debug;
		};
		D76B138F1E5C11D400A1247A /* Release */ = {
			isa = XCBuildConfiguration;
			buildSettings = {
				ALWAYS_EMBED_SWIFT_STANDARD_LIBRARIES = YES;
				DEVELOPMENT_TEAM = 389K47LAL3;
				INFOPLIST_FILE = SwiftUITests/Info.plist;
				LD_RUNPATH_SEARCH_PATHS = "$(inherited) @executable_path/Frameworks @loader_path/Frameworks";
				PRODUCT_BUNDLE_IDENTIFIER = com.fandy.SwiftUITests;
				PRODUCT_NAME = "$(TARGET_NAME)";
				SWIFT_VERSION = 3.0;
				TEST_TARGET_NAME = Swift;
			};
			name = Release;
		};
/* End XCBuildConfiguration section */

/* Begin XCConfigurationList section */
		D76B135A1E5C11D400A1247A /* Build configuration list for PBXProject "Swift" */ = {
			isa = XCConfigurationList;
			buildConfigurations = (
				D76B13851E5C11D400A1247A /* Debug */,
				D76B13861E5C11D400A1247A /* Release */,
			);
			defaultConfigurationIsVisible = 0;
			defaultConfigurationName = Release;
		};
		D76B13871E5C11D400A1247A /* Build configuration list for PBXNativeTarget "Swift" */ = {
			isa = XCConfigurationList;
			buildConfigurations = (
				D76B13881E5C11D400A1247A /* Debug */,
				D76B13891E5C11D400A1247A /* Release */,
			);
			defaultConfigurationIsVisible = 0;
		};
		D76B138A1E5C11D400A1247A /* Build configuration list for PBXNativeTarget "SwiftTests" */ = {
			isa = XCConfigurationList;
			buildConfigurations = (
				D76B138B1E5C11D400A1247A /* Debug */,
				D76B138C1E5C11D400A1247A /* Release */,
			);
			defaultConfigurationIsVisible = 0;
		};
		D76B138D1E5C11D400A1247A /* Build configuration list for PBXNativeTarget "SwiftUITests" */ = {
			isa = XCConfigurationList;
			buildConfigurations = (
				D76B138E1E5C11D400A1247A /* Debug */,
				D76B138F1E5C11D400A1247A /* Release */,
			);
			defaultConfigurationIsVisible = 0;
		};
/* End XCConfigurationList section */
	};
	rootObject = D76B13571E5C11D400A1247A /* Project object */;
}
